// !$*UTF8*$!
{
	archiveVersion = 1;
	classes = {
	};
	objectVersion = 77;
	objects = {

/* Begin PBXBuildFile section */
		013300AC50ABCA61346B8D95 /* CorsiBlockTrainingView.swift in Sources */ = {isa = PBXBuildFile; fileRef = F27DE99B0D8B31706AC6C22D /* CorsiBlockTrainingView.swift */; };
		02F55D2997B1FFE261CCF15E /* PerformanceAnalyticsTests.swift in Sources */ = {isa = PBXBuildFile; fileRef = 256F13CD5F32401B4D955566 /* PerformanceAnalyticsTests.swift */; };
		03331846248F277FF95EA51F /* DigitSpanTrainingView.swift in Sources */ = {isa = PBXBuildFile; fileRef = 3E487B164CF461201130B378 /* DigitSpanTrainingView.swift */; };
		05AA19B326C83526EF5EFC3F /* DigitSpanModels.swift in Sources */ = {isa = PBXBuildFile; fileRef = 708ADE897227D785DA66A6AC /* DigitSpanModels.swift */; };
		06D3EA191C8D1166704FD988 /* ModuleFlowIntegrationTests.swift in Sources */ = {isa = PBXBuildFile; fileRef = 4B4944CABF706A8FF8063424 /* ModuleFlowIntegrationTests.swift */; };
		095BC080679B1900F0B2A656 /* AppRoute.swift in Sources */ = {isa = PBXBuildFile; fileRef = 35CF4487F0A97973C4F1EDAB /* AppRoute.swift */; };
		0FCF0460D075DF6AF066C532 /* KeywordSynonyms.swift in Sources */ = {isa = PBXBuildFile; fileRef = 329BED2A7C5813E16D6CDD4D /* KeywordSynonyms.swift */; };
		12653B214489421A0661D672 /* FlankerEngineTests.swift in Sources */ = {isa = PBXBuildFile; fileRef = F0A49062F8F34EF00C330096 /* FlankerEngineTests.swift */; };
		13EDC3ECBAED51E457E302C7 /* SettingsView.swift in Sources */ = {isa = PBXBuildFile; fileRef = 9BA9ABBAB83BD9B07A49998D /* SettingsView.swift */; };
		144A8E2C30A4FCD36FC82869 /* SchulteEngine.swift in Sources */ = {isa = PBXBuildFile; fileRef = 05D5D10F54CA1E71E6587C6E /* SchulteEngine.swift */; };
		15564EF4C9AE5ADEF070434F /* ReadingPassageLibraryTests.swift in Sources */ = {isa = PBXBuildFile; fileRef = DA3A03C2E1A2B0201FF5ABE8 /* ReadingPassageLibraryTests.swift */; };
		19F2CFB6E6A1285AADFE4768 /* GoNoGoEngine.swift in Sources */ = {isa = PBXBuildFile; fileRef = 0B7E3748EC97B0BAE81B7271 /* GoNoGoEngine.swift */; };
		1A684E3B0536A6B1F0EC79B6 /* AdaptiveProfileModels.swift in Sources */ = {isa = PBXBuildFile; fileRef = 110C1372270CE033DD190758 /* AdaptiveProfileModels.swift */; };
		1F82CC97E8A4DBB7E6F1A88A /* ChangeDetectionEngineTests.swift in Sources */ = {isa = PBXBuildFile; fileRef = 25B9091CAC3069CDCDFA1DD3 /* ChangeDetectionEngineTests.swift */; };
		214DC038AE8AFD1E02167F30 /* ChangeDetectionModels.swift in Sources */ = {isa = PBXBuildFile; fileRef = 8FFB6312008958F540FF509B /* ChangeDetectionModels.swift */; };
		219B2713738D05CA3020D3A8 /* ChoiceRTEngineTests.swift in Sources */ = {isa = PBXBuildFile; fileRef = 366854644F118C72921BBB95 /* ChoiceRTEngineTests.swift */; };
		24375E4D113C2098519B185E /* ChoiceRTEngine.swift in Sources */ = {isa = PBXBuildFile; fileRef = 2DFAF1C45AC4784CF89CE962 /* ChoiceRTEngine.swift */; };
		24B2BDBAF705F5A71FAFC32B /* SchulteTrainingView.swift in Sources */ = {isa = PBXBuildFile; fileRef = 8D98A8BC99E5A0DE9D159C26 /* SchulteTrainingView.swift */; };
		25774ABDFC5C475D68EAB40C /* AdaptiveDifficulty.swift in Sources */ = {isa = PBXBuildFile; fileRef = E8238787423533BE073924F1 /* AdaptiveDifficulty.swift */; };
		25E6F0190F4C9BD8FDF89D1D /* TrainingStatisticsTests.swift in Sources */ = {isa = PBXBuildFile; fileRef = CD3C842B59D0C9D962CE06B3 /* TrainingStatisticsTests.swift */; };
		2989A14C9DBC649B82B1FE24 /* GoNoGoEngineTests.swift in Sources */ = {isa = PBXBuildFile; fileRef = 6772339D4BCE2F89DA745716 /* GoNoGoEngineTests.swift */; };
		2ADCD82D6FEA2410EEAFEDC5 /* SurfaceComponents.swift in Sources */ = {isa = PBXBuildFile; fileRef = 45E20FAA1BC6A14CFE442031 /* SurfaceComponents.swift */; };
		2CC19BBACEB573F8718A67A6 /* SchulteEngineTests.swift in Sources */ = {isa = PBXBuildFile; fileRef = 505BED6FD60D9E4F54FB85ED /* SchulteEngineTests.swift */; };
		2D31589EB1805F54EAC4A439 /* NBackTrainingView.swift in Sources */ = {isa = PBXBuildFile; fileRef = 390575F3DB947580B32395D4 /* NBackTrainingView.swift */; };
		2D7A5F4000292C25E4FE73F7 /* AppModelAdaptiveTests.swift in Sources */ = {isa = PBXBuildFile; fileRef = 8C56BA2B70F496ABB4B0F25E /* AppModelAdaptiveTests.swift */; };
		2F974D89728E5C6B8FBEA88A /* VisualSearchEngine.swift in Sources */ = {isa = PBXBuildFile; fileRef = 18100B9E2DDAA433D2CBE427 /* VisualSearchEngine.swift */; };
		30A750CA4A80C577A3E05F9A /* LogicArgumentCleaner.swift in Sources */ = {isa = PBXBuildFile; fileRef = 74AFCF4DC9C5D0F38ED7DDF7 /* LogicArgumentCleaner.swift */; };
		30AA4DC51BB5C7B62CF7B56A /* DigitSpanCoordinator.swift in Sources */ = {isa = PBXBuildFile; fileRef = 11DFAC6ABEC932BB460F8287 /* DigitSpanCoordinator.swift */; };
		32E3679754A4211B44787F00 /* PresentationProfile.swift in Sources */ = {isa = PBXBuildFile; fileRef = 72D1244DB665C2C8D8E49325 /* PresentationProfile.swift */; };
		357C9393C554229B5EEB3881 /* ChangeDetectionTrainingView.swift in Sources */ = {isa = PBXBuildFile; fileRef = 54A65E8DED310B6784B190B7 /* ChangeDetectionTrainingView.swift */; };
		3786432FE03D2CD472370B8C /* SchulteCoordinator.swift in Sources */ = {isa = PBXBuildFile; fileRef = 849FE99A1D49E71212E788CC /* SchulteCoordinator.swift */; };
		38DE779BBE40B4ECF126EF27 /* SchulteModels.swift in Sources */ = {isa = PBXBuildFile; fileRef = 217FDC9BBD48D8B5F4F2E9B0 /* SchulteModels.swift */; };
		3A8BD79DE1BF80AA1C7F2D9A /* FlankerModels.swift in Sources */ = {isa = PBXBuildFile; fileRef = 96BA0D6B7AF44FB64229EC32 /* FlankerModels.swift */; };
		3C12E5B77DCEDDF2E3F516F3 /* AppIcon.icns in Resources */ = {isa = PBXBuildFile; fileRef = 818A79C3D6DE8F012BFFA5B4 /* AppIcon.icns */; };
		41D221092945F22C3CBF6896 /* StopSignalEngineTests.swift in Sources */ = {isa = PBXBuildFile; fileRef = E907A859284C945145B5DF97 /* StopSignalEngineTests.swift */; };
		4349236E1D26A9F04C14627B /* SessionResult.swift in Sources */ = {isa = PBXBuildFile; fileRef = 6AD7981D04DEA2F51D52500F /* SessionResult.swift */; };
		47F0DB04DFEB1E83D82959F6 /* NBackEngine.swift in Sources */ = {isa = PBXBuildFile; fileRef = 0C0AAE60E0BF59060012F254 /* NBackEngine.swift */; };
		4CD9931B258302AA67AA7F42 /* ReadingDifficultyPlannerTests.swift in Sources */ = {isa = PBXBuildFile; fileRef = BC50E81C058F82BFC1F6E2F6 /* ReadingDifficultyPlannerTests.swift */; };
		4D1E4B268672CCE8844E9FC2 /* CorsiBlockCoordinator.swift in Sources */ = {isa = PBXBuildFile; fileRef = B8F68BAA23281DCA3CB61F8E /* CorsiBlockCoordinator.swift */; };
		4D4B1A2B1B30396670CEF200 /* CorsiBlockEngineTests.swift in Sources */ = {isa = PBXBuildFile; fileRef = E8EC8A3CAA5A4F242BC2C6D2 /* CorsiBlockEngineTests.swift */; };
		4E2D9F74A644E42D3709EAA7 /* GoNoGoCoordinator.swift in Sources */ = {isa = PBXBuildFile; fileRef = 1000952827CB88707A2AFD4F /* GoNoGoCoordinator.swift */; };
		5056413F8B0FB28BB5379AF1 /* TrainingModule.swift in Sources */ = {isa = PBXBuildFile; fileRef = B95F8D55744E27A547A86A88 /* TrainingModule.swift */; };
		56A660DDD2AB5590B1EEABF2 /* FlankerTrainingView.swift in Sources */ = {isa = PBXBuildFile; fileRef = 8C015BB4ED14489EC8ACF40F /* FlankerTrainingView.swift */; };
		5756E7E1E63C3CC68A0FF7F2 /* StopSignalModels.swift in Sources */ = {isa = PBXBuildFile; fileRef = E56D304010011B8B958BF06D /* StopSignalModels.swift */; };
		581D93552409668E8E736CB8 /* SyllogismModels.swift in Sources */ = {isa = PBXBuildFile; fileRef = E7E62565E0961C4FDE18B014 /* SyllogismModels.swift */; };
		AA0000000000000000000001 /* SyllogismLesson.swift in Sources */ = {isa = PBXBuildFile; fileRef = AA0000000000000000000011 /* SyllogismLesson.swift */; };
		AA0000000000000000000002 /* SyllogismLearningView.swift in Sources */ = {isa = PBXBuildFile; fileRef = AA0000000000000000000012 /* SyllogismLearningView.swift */; };
		AA0000000000000000000003 /* SyllogismPracticeView.swift in Sources */ = {isa = PBXBuildFile; fileRef = AA0000000000000000000013 /* SyllogismPracticeView.swift */; };
		61478B3797EDCE4E89062F30 /* SpeedAccuracyAnalyzer.swift in Sources */ = {isa = PBXBuildFile; fileRef = 71C72DE94982FDD6CAE55CAF /* SpeedAccuracyAnalyzer.swift */; };
		614F2F73F1B448AAA964F68A /* WarmupDetector.swift in Sources */ = {isa = PBXBuildFile; fileRef = 55A6AA085AFF305D9FEB1DA4 /* WarmupDetector.swift */; };
		62AD9EFBF19F7A235D21FF6D /* NBackCoordinatorTests.swift in Sources */ = {isa = PBXBuildFile; fileRef = 35E56888D4756A7600BE8441 /* NBackCoordinatorTests.swift */; };
		640072F041206ADDC2DB5B9E /* AppModelFeedbackTests.swift in Sources */ = {isa = PBXBuildFile; fileRef = E70478BD6CD6784CC4139026 /* AppModelFeedbackTests.swift */; };
		66CF6CD5AE1789BE67D43EA1 /* PracticeTrialManager.swift in Sources */ = {isa = PBXBuildFile; fileRef = 55C738633D14E5DBD188AF4D /* PracticeTrialManager.swift */; };
		66DC2CB50451CE862E47F4DA /* ChangeDetectionCoordinator.swift in Sources */ = {isa = PBXBuildFile; fileRef = 951B05FFC270D4DA02F85B0A /* ChangeDetectionCoordinator.swift */; };
		67700076DD000BC045FE2109 /* TrialExporter.swift in Sources */ = {isa = PBXBuildFile; fileRef = 7947501A7432AFA5E41366A1 /* TrialExporter.swift */; };
		6A0112750C2A7CF022989049 /* AnomalyDetector.swift in Sources */ = {isa = PBXBuildFile; fileRef = CD27D96C706B9B5230BCDF29 /* AnomalyDetector.swift */; };
		6AFFEB7F9E7CFECBC0424244 /* AdaptiveScoring.swift in Sources */ = {isa = PBXBuildFile; fileRef = FC468E0950A76D1C8B0629A9 /* AdaptiveScoring.swift */; };
		6C793160C66F0C1CA3C617D6 /* SessionTimeline.swift in Sources */ = {isa = PBXBuildFile; fileRef = 54E43BBD54F54989BD03222D /* SessionTimeline.swift */; };
		6CA814C0F7FA76D9F33D8A27 /* PracticeTrialTests.swift in Sources */ = {isa = PBXBuildFile; fileRef = 7D41A0937210B5B92216B20B /* PracticeTrialTests.swift */; };
		70AD24A07B29967BF9AA0165 /* OpenAI in Frameworks */ = {isa = PBXBuildFile; productRef = A0D96A3E8EB04191701E357A /* OpenAI */; };
		70B47D4286BB4B94E4B6272E /* LogicArgumentModels.swift in Sources */ = {isa = PBXBuildFile; fileRef = EB5FB0B71B1960B34BF13FC2 /* LogicArgumentModels.swift */; };
		712287BC59BA189E9ADCF72D /* AchievementModel.swift in Sources */ = {isa = PBXBuildFile; fileRef = A1D0DF9EE56125C57743B296 /* AchievementModel.swift */; };
		7265B28A0BAAA5AE49FDCAE0 /* ChoiceRTTrainingView.swift in Sources */ = {isa = PBXBuildFile; fileRef = 9262738BD3AC50C09C109B89 /* ChoiceRTTrainingView.swift */; };
		7A2BA87647D66D855B7F4E2E /* Formatters.swift in Sources */ = {isa = PBXBuildFile; fileRef = 70A53B6B17ACE1639E29F718 /* Formatters.swift */; };
		7C02F56B9EEF32881C9B60BF /* FlankerCoordinator.swift in Sources */ = {isa = PBXBuildFile; fileRef = 042FB4E91E3490C7D0376A53 /* FlankerCoordinator.swift */; };
		7D0D41A89534A32EA0CA8D5C /* StreakTracker.swift in Sources */ = {isa = PBXBuildFile; fileRef = 04B80B48902665B79BAF5136 /* StreakTracker.swift */; };
		80C1F688F947B10D7BD3179E /* StopSignalCoordinator.swift in Sources */ = {isa = PBXBuildFile; fileRef = 8D539644587C31816E3CCA81 /* StopSignalCoordinator.swift */; };
		810622CCB4CE7502DA2B7A2C /* CorsiBlockModels.swift in Sources */ = {isa = PBXBuildFile; fileRef = 63BB37ABC614AB403976BBC8 /* CorsiBlockModels.swift */; };
		831E6BB5075D4F6EDA665761 /* TimeOfDayAnalyzer.swift in Sources */ = {isa = PBXBuildFile; fileRef = DE2C59EA2FA7E146AF29C551 /* TimeOfDayAnalyzer.swift */; };
		8626FCB7C6C3ABF28A9126A9 /* ChangeDetectionEngine.swift in Sources */ = {isa = PBXBuildFile; fileRef = EC486D989E488F969140377A /* ChangeDetectionEngine.swift */; };
		88ACD80C169AF75FEFB686F6 /* LogicArgumentTrainingView.swift in Sources */ = {isa = PBXBuildFile; fileRef = 9C5E1F5D14535F624A42A8B1 /* LogicArgumentTrainingView.swift */; };
		89A76F649B67E9C26D382466 /* TrainingStore.swift in Sources */ = {isa = PBXBuildFile; fileRef = F4CBAA70A83CE4EBD5F9729C /* TrainingStore.swift */; };
		8BB695DB28B495EAD74FEE33 /* LogicArgumentEngine.swift in Sources */ = {isa = PBXBuildFile; fileRef = A602DBD696F9E4699E9F7F5C /* LogicArgumentEngine.swift */; };
		8E4AA83E16C5CA29134A73D3 /* NBackEngineTests.swift in Sources */ = {isa = PBXBuildFile; fileRef = 365065A29DB8DF240F44F5CD /* NBackEngineTests.swift */; };
		9123B1D720B6A2943CFCF205 /* BrainDrillApp.swift in Sources */ = {isa = PBXBuildFile; fileRef = E7AC0B934CC1B8E94961CBD9 /* BrainDrillApp.swift */; };
		9147FE1D47BB966459BA4FEC /* KeychainHelper.swift in Sources */ = {isa = PBXBuildFile; fileRef = 36C535194C7D191F5846C82B /* KeychainHelper.swift */; };
		9890F93E18AEA99F6AD729B4 /* DailyPlanView.swift in Sources */ = {isa = PBXBuildFile; fileRef = A1B8DBFDBC6A805E16DD1016 /* DailyPlanView.swift */; };
		98CB3AD758C06575484C74FB /* StopSignalTrainingView.swift in Sources */ = {isa = PBXBuildFile; fileRef = 6F20BEFA315BED5748C9FDCF /* StopSignalTrainingView.swift */; };
		98FF3A72401DFD15E1B3A236 /* CorsiBlockEngine.swift in Sources */ = {isa = PBXBuildFile; fileRef = BCD26CBCDB25C48A6E0B4AB5 /* CorsiBlockEngine.swift */; };
		99359D84FEAACBBE95C226C1 /* NBackModels.swift in Sources */ = {isa = PBXBuildFile; fileRef = EA762D78FFBD9A51203D5329 /* NBackModels.swift */; };
		9A61413F5AC2A7E32D09E43A /* Theme.swift in Sources */ = {isa = PBXBuildFile; fileRef = FE153EBD09A9755C08FF8C0D /* Theme.swift */; };
		9E629F1B8A85B13EA27AFC25 /* SyllogismTrainingView.swift in Sources */ = {isa = PBXBuildFile; fileRef = 55D3B38D5DD15F5736A7D085 /* SyllogismTrainingView.swift */; };
		9FE9EE506B64EDB208AA9215 /* ChoiceRTCoordinator.swift in Sources */ = {isa = PBXBuildFile; fileRef = 9BB202E74A251CC170824CBD /* ChoiceRTCoordinator.swift */; };
		A0F0A5A6766651551AEE34BE /* AttentionLapseDetector.swift in Sources */ = {isa = PBXBuildFile; fileRef = B31BD0060E312911369EA96C /* AttentionLapseDetector.swift */; };
		A7960C1284E21E37C1FB3E0B /* VisualSearchEngineTests.swift in Sources */ = {isa = PBXBuildFile; fileRef = 1271F3D012D192E6E5C9CFC2 /* VisualSearchEngineTests.swift */; };
		A8B21F6B81CA802C402E7537 /* FatigueDetector.swift in Sources */ = {isa = PBXBuildFile; fileRef = 5708C4E7203DD9CD90463D18 /* FatigueDetector.swift */; };
		B0F454FB9BDAF27616D463D6 /* StopSignalEngine.swift in Sources */ = {isa = PBXBuildFile; fileRef = C9790DEE82B32AB43219616B /* StopSignalEngine.swift */; };
		B1A7EB01F21691B7403EE5D1 /* DelayedRecallTrainingView.swift in Sources */ = {isa = PBXBuildFile; fileRef = 83505935BAF94F581D1538CE /* DelayedRecallTrainingView.swift */; };
		B27FC020254C15881A7C59FB /* VisualSearchTrainingView.swift in Sources */ = {isa = PBXBuildFile; fileRef = 791FA323988886A267E09047 /* VisualSearchTrainingView.swift */; };
		B467EB827EE5F9B3AA4AD9BD /* EvidenceMapTrainingView.swift in Sources */ = {isa = PBXBuildFile; fileRef = F27F6CC803A8430DCFF2ECD4 /* EvidenceMapTrainingView.swift */; };
		BAA283AEEFA1DEA954850F58 /* TrainingSettings.swift in Sources */ = {isa = PBXBuildFile; fileRef = 5000C17D50280A5A526D5373 /* TrainingSettings.swift */; };
		BBB6F6B5671D1344A105D326 /* LogicArgumentCoordinator.swift in Sources */ = {isa = PBXBuildFile; fileRef = E3D0DAA012D79FDF8A05C790 /* LogicArgumentCoordinator.swift */; };
		BE5A36BC52378B792A8C4475 /* RootView.swift in Sources */ = {isa = PBXBuildFile; fileRef = 3E159DA49C25987133D07CCA /* RootView.swift */; };
		BE9F545DBC67E5C99EBD0D44 /* ChoiceRTModels.swift in Sources */ = {isa = PBXBuildFile; fileRef = F0B3CF448864F30AEECD8088 /* ChoiceRTModels.swift */; };
		BF1075BCD94DF0B28E81A267 /* VisualSearchCoordinator.swift in Sources */ = {isa = PBXBuildFile; fileRef = 7616F78D707DE4E4246CE7B0 /* VisualSearchCoordinator.swift */; };
		C59D73A9AF6EDCF4E3D99AC2 /* GoNoGoTrainingView.swift in Sources */ = {isa = PBXBuildFile; fileRef = 502A7FB9F9F45ED2A8662383 /* GoNoGoTrainingView.swift */; };
		C690811D91180E3DD1061B63 /* SyllogismEngine.swift in Sources */ = {isa = PBXBuildFile; fileRef = 8DE512B5463169FD1263C033 /* SyllogismEngine.swift */; };
		C964CB799FE680E5A1D9AE2D /* TrainingStatistics.swift in Sources */ = {isa = PBXBuildFile; fileRef = F79FA2BD3E5D199AF3874281 /* TrainingStatistics.swift */; };
		CA75157614D0E4050C8B0033 /* Resources in Resources */ = {isa = PBXBuildFile; fileRef = ED9AED894169E0E0E6B2A696 /* Resources */; };
		CC954169847195A72CAF8AE2 /* MaterialsPipelineTests.swift in Sources */ = {isa = PBXBuildFile; fileRef = 336B18BD2642098C59C3F87A /* MaterialsPipelineTests.swift */; };
		CFB1C32DEB87E9945E60E9F1 /* MetricsCalculator.swift in Sources */ = {isa = PBXBuildFile; fileRef = 187017D661E88BB5838CEBF6 /* MetricsCalculator.swift */; };
		D07245E6560BED7839E91689 /* CognitiveProfile.swift in Sources */ = {isa = PBXBuildFile; fileRef = F4680FFD87BE62DB5E3195F0 /* CognitiveProfile.swift */; };
		D1A14204CD46220D9040441E /* SyllogismCoordinator.swift in Sources */ = {isa = PBXBuildFile; fileRef = 5AE9D674A98D351AD8E44F75 /* SyllogismCoordinator.swift */; };
		D435633E0CDAAD912B55269F /* ReadingContent.swift in Sources */ = {isa = PBXBuildFile; fileRef = BC1D8836EB75C0E87DED71BB /* ReadingContent.swift */; };
		D54FFC9D67261E2F1A43382C /* MetricsCalculatorTests.swift in Sources */ = {isa = PBXBuildFile; fileRef = 394DC5F4346B3A8B862B789D /* MetricsCalculatorTests.swift */; };
		D58E09FED4A494CD426B796F /* AIClient.swift in Sources */ = {isa = PBXBuildFile; fileRef = E90C982D01723D9801ADD4F6 /* AIClient.swift */; };
		D5E8EBCA711912CC4D910AFC /* TrialExporterTests.swift in Sources */ = {isa = PBXBuildFile; fileRef = E3F5BEA81EA4996059B42BED /* TrialExporterTests.swift */; };
		DDEC1C1D5CF43AA65BF773F6 /* DigitSpanEngine.swift in Sources */ = {isa = PBXBuildFile; fileRef = 41D3120C07FF226C5990CB82 /* DigitSpanEngine.swift */; };
		E0B99EBF7175AFE0C776E05F /* DigitSpanEngineTests.swift in Sources */ = {isa = PBXBuildFile; fileRef = A9ECA1CB66C1E77E8E48BC9B /* DigitSpanEngineTests.swift */; };
		E23795DBDFCAFA7D21182F24 /* MainIdeaTrainingView.swift in Sources */ = {isa = PBXBuildFile; fileRef = CAFAB419D6D82F2FA85E0D2C /* MainIdeaTrainingView.swift */; };
		E44B2812F6B22976DB7CA1B1 /* AdaptiveDifficultyTests.swift in Sources */ = {isa = PBXBuildFile; fileRef = C40A83720D3EA199BFCB32A8 /* AdaptiveDifficultyTests.swift */; };
		E53A3EDA9D5E897EE0216DCB /* Materials.swift in Sources */ = {isa = PBXBuildFile; fileRef = BCFB911BF237C0BC1012A9CD /* Materials.swift */; };
		E5F772C3DB58A8FCF9DF1F6D /* MaterialsPipeline.swift in Sources */ = {isa = PBXBuildFile; fileRef = 41970D638384068D26FE9E83 /* MaterialsPipeline.swift */; };
		E76AEC262423F0BC8EA41750 /* AppModel.swift in Sources */ = {isa = PBXBuildFile; fileRef = D2214E0CB4B855833949379F /* AppModel.swift */; };
		EBBA67AD11D4A65E1D99BF86 /* ReadingSupportViews.swift in Sources */ = {isa = PBXBuildFile; fileRef = CD3D5E08C0FCDFFA217275FD /* ReadingSupportViews.swift */; };
		EBCE5EE7BC2CE7E977F3C977 /* WindowedAdaptiveEvaluator.swift in Sources */ = {isa = PBXBuildFile; fileRef = D4E9ED72D0F10089F08F2554 /* WindowedAdaptiveEvaluator.swift */; };
		EBED230A2E023DFB5D478C1D /* FatigueDetectorTests.swift in Sources */ = {isa = PBXBuildFile; fileRef = 987EFA42EA0754D684EDB9EE /* FatigueDetectorTests.swift */; };
		EC832DED8E085F0167904334 /* CognitiveProfileTests.swift in Sources */ = {isa = PBXBuildFile; fileRef = DD62AA4CB8048DF102745D2B /* CognitiveProfileTests.swift */; };
		F1A7B5C4D9E24310A8B6C7D1 /* WorkbenchNavigationTests.swift in Sources */ = {isa = PBXBuildFile; fileRef = F1A7B5C4D9E24310A8B6C7D0 /* WorkbenchNavigationTests.swift */; };
		EE35195AC5874230710767F8 /* HistoryView.swift in Sources */ = {isa = PBXBuildFile; fileRef = 759FBA1F256D781ED292C311 /* HistoryView.swift */; };
		EFEB595FDBA568EF3E79DE82 /* FlankerEngine.swift in Sources */ = {isa = PBXBuildFile; fileRef = 2754EBEFA66256261F8FCCB1 /* FlankerEngine.swift */; };
		F00993417771C1D36D95DF94 /* GoNoGoModels.swift in Sources */ = {isa = PBXBuildFile; fileRef = B34DB861F3379F02AFB27A57 /* GoNoGoModels.swift */; };
		F220FFAB196C2E15D72A4D6D /* MaterialsWorkbenchView.swift in Sources */ = {isa = PBXBuildFile; fileRef = 0D918404267D2574EA9E0E94 /* MaterialsWorkbenchView.swift */; };
		F279146CF0BABDEF7E1D64FF /* TrainingSchedulerTests.swift in Sources */ = {isa = PBXBuildFile; fileRef = EF95B8416B7B695F0596FEB8 /* TrainingSchedulerTests.swift */; };
		F8C112E0A30A78480F320E58 /* VisualSearchModels.swift in Sources */ = {isa = PBXBuildFile; fileRef = 0AA709F7999901B324E9E141 /* VisualSearchModels.swift */; };
		F9A08D7DE9DD1D8342D5DC7E /* NBackCoordinator.swift in Sources */ = {isa = PBXBuildFile; fileRef = CE37E33424D9E26BF27A66C3 /* NBackCoordinator.swift */; };
		FB1B2C3EA4B04B8CEC821217 /* TrainingScheduler.swift in Sources */ = {isa = PBXBuildFile; fileRef = E1973EE476BBD8069E89548F /* TrainingScheduler.swift */; };
		FE91AF85136E89DDA6C20E12 /* LocalTrainingStoreTests.swift in Sources */ = {isa = PBXBuildFile; fileRef = 61B771D0D1DB2C65C9B961D6 /* LocalTrainingStoreTests.swift */; };
/* End PBXBuildFile section */

/* Begin PBXContainerItemProxy section */
		7768FB76BA16AA2222D02EF9 /* PBXContainerItemProxy */ = {
			isa = PBXContainerItemProxy;
			containerPortal = BCEB43CAC48A06BE18BA4443 /* Project object */;
			proxyType = 1;
			remoteGlobalIDString = E049CCEC1E6B63769B56B6E9;
			remoteInfo = BrainDrill;
		};
/* End PBXContainerItemProxy section */

/* Begin PBXFileReference section */
		042FB4E91E3490C7D0376A53 /* FlankerCoordinator.swift */ = {isa = PBXFileReference; lastKnownFileType = sourcecode.swift; path = FlankerCoordinator.swift; sourceTree = "<group>"; };
		04B80B48902665B79BAF5136 /* StreakTracker.swift */ = {isa = PBXFileReference; lastKnownFileType = sourcecode.swift; path = StreakTracker.swift; sourceTree = "<group>"; };
		05D5D10F54CA1E71E6587C6E /* SchulteEngine.swift */ = {isa = PBXFileReference; lastKnownFileType = sourcecode.swift; path = SchulteEngine.swift; sourceTree = "<group>"; };
		0AA709F7999901B324E9E141 /* VisualSearchModels.swift */ = {isa = PBXFileReference; lastKnownFileType = sourcecode.swift; path = VisualSearchModels.swift; sourceTree = "<group>"; };
		0B7E3748EC97B0BAE81B7271 /* GoNoGoEngine.swift */ = {isa = PBXFileReference; lastKnownFileType = sourcecode.swift; path = GoNoGoEngine.swift; sourceTree = "<group>"; };
		0C0AAE60E0BF59060012F254 /* NBackEngine.swift */ = {isa = PBXFileReference; lastKnownFileType = sourcecode.swift; path = NBackEngine.swift; sourceTree = "<group>"; };
		0D918404267D2574EA9E0E94 /* MaterialsWorkbenchView.swift */ = {isa = PBXFileReference; lastKnownFileType = sourcecode.swift; path = MaterialsWorkbenchView.swift; sourceTree = "<group>"; };
		1000952827CB88707A2AFD4F /* GoNoGoCoordinator.swift */ = {isa = PBXFileReference; lastKnownFileType = sourcecode.swift; path = GoNoGoCoordinator.swift; sourceTree = "<group>"; };
		110C1372270CE033DD190758 /* AdaptiveProfileModels.swift */ = {isa = PBXFileReference; lastKnownFileType = sourcecode.swift; path = AdaptiveProfileModels.swift; sourceTree = "<group>"; };
		11DFAC6ABEC932BB460F8287 /* DigitSpanCoordinator.swift */ = {isa = PBXFileReference; lastKnownFileType = sourcecode.swift; path = DigitSpanCoordinator.swift; sourceTree = "<group>"; };
		1271F3D012D192E6E5C9CFC2 /* VisualSearchEngineTests.swift */ = {isa = PBXFileReference; lastKnownFileType = sourcecode.swift; path = VisualSearchEngineTests.swift; sourceTree = "<group>"; };
		18100B9E2DDAA433D2CBE427 /* VisualSearchEngine.swift */ = {isa = PBXFileReference; lastKnownFileType = sourcecode.swift; path = VisualSearchEngine.swift; sourceTree = "<group>"; };
		187017D661E88BB5838CEBF6 /* MetricsCalculator.swift */ = {isa = PBXFileReference; lastKnownFileType = sourcecode.swift; path = MetricsCalculator.swift; sourceTree = "<group>"; };
		217FDC9BBD48D8B5F4F2E9B0 /* SchulteModels.swift */ = {isa = PBXFileReference; lastKnownFileType = sourcecode.swift; path = SchulteModels.swift; sourceTree = "<group>"; };
		256F13CD5F32401B4D955566 /* PerformanceAnalyticsTests.swift */ = {isa = PBXFileReference; lastKnownFileType = sourcecode.swift; path = PerformanceAnalyticsTests.swift; sourceTree = "<group>"; };
		25B9091CAC3069CDCDFA1DD3 /* ChangeDetectionEngineTests.swift */ = {isa = PBXFileReference; lastKnownFileType = sourcecode.swift; path = ChangeDetectionEngineTests.swift; sourceTree = "<group>"; };
		2754EBEFA66256261F8FCCB1 /* FlankerEngine.swift */ = {isa = PBXFileReference; lastKnownFileType = sourcecode.swift; path = FlankerEngine.swift; sourceTree = "<group>"; };
		2DFAF1C45AC4784CF89CE962 /* ChoiceRTEngine.swift */ = {isa = PBXFileReference; lastKnownFileType = sourcecode.swift; path = ChoiceRTEngine.swift; sourceTree = "<group>"; };
		329BED2A7C5813E16D6CDD4D /* KeywordSynonyms.swift */ = {isa = PBXFileReference; lastKnownFileType = sourcecode.swift; path = KeywordSynonyms.swift; sourceTree = "<group>"; };
		336B18BD2642098C59C3F87A /* MaterialsPipelineTests.swift */ = {isa = PBXFileReference; lastKnownFileType = sourcecode.swift; path = MaterialsPipelineTests.swift; sourceTree = "<group>"; };
		35CF4487F0A97973C4F1EDAB /* AppRoute.swift */ = {isa = PBXFileReference; lastKnownFileType = sourcecode.swift; path = AppRoute.swift; sourceTree = "<group>"; };
		35E56888D4756A7600BE8441 /* NBackCoordinatorTests.swift */ = {isa = PBXFileReference; lastKnownFileType = sourcecode.swift; path = NBackCoordinatorTests.swift; sourceTree = "<group>"; };
		365065A29DB8DF240F44F5CD /* NBackEngineTests.swift */ = {isa = PBXFileReference; lastKnownFileType = sourcecode.swift; path = NBackEngineTests.swift; sourceTree = "<group>"; };
		366854644F118C72921BBB95 /* ChoiceRTEngineTests.swift */ = {isa = PBXFileReference; lastKnownFileType = sourcecode.swift; path = ChoiceRTEngineTests.swift; sourceTree = "<group>"; };
		36C535194C7D191F5846C82B /* KeychainHelper.swift */ = {isa = PBXFileReference; lastKnownFileType = sourcecode.swift; path = KeychainHelper.swift; sourceTree = "<group>"; };
		390575F3DB947580B32395D4 /* NBackTrainingView.swift */ = {isa = PBXFileReference; lastKnownFileType = sourcecode.swift; path = NBackTrainingView.swift; sourceTree = "<group>"; };
		394DC5F4346B3A8B862B789D /* MetricsCalculatorTests.swift */ = {isa = PBXFileReference; lastKnownFileType = sourcecode.swift; path = MetricsCalculatorTests.swift; sourceTree = "<group>"; };
		3E159DA49C25987133D07CCA /* RootView.swift */ = {isa = PBXFileReference; lastKnownFileType = sourcecode.swift; path = RootView.swift; sourceTree = "<group>"; };
		3E487B164CF461201130B378 /* DigitSpanTrainingView.swift */ = {isa = PBXFileReference; lastKnownFileType = sourcecode.swift; path = DigitSpanTrainingView.swift; sourceTree = "<group>"; };
		41970D638384068D26FE9E83 /* MaterialsPipeline.swift */ = {isa = PBXFileReference; lastKnownFileType = sourcecode.swift; path = MaterialsPipeline.swift; sourceTree = "<group>"; };
		41D3120C07FF226C5990CB82 /* DigitSpanEngine.swift */ = {isa = PBXFileReference; lastKnownFileType = sourcecode.swift; path = DigitSpanEngine.swift; sourceTree = "<group>"; };
		441CA910432DBE3FDB9F9F9D /* BrainDrill.app */ = {isa = PBXFileReference; explicitFileType = wrapper.application; includeInIndex = 0; path = BrainDrill.app; sourceTree = BUILT_PRODUCTS_DIR; };
		45E20FAA1BC6A14CFE442031 /* SurfaceComponents.swift */ = {isa = PBXFileReference; lastKnownFileType = sourcecode.swift; path = SurfaceComponents.swift; sourceTree = "<group>"; };
		4B4944CABF706A8FF8063424 /* ModuleFlowIntegrationTests.swift */ = {isa = PBXFileReference; lastKnownFileType = sourcecode.swift; path = ModuleFlowIntegrationTests.swift; sourceTree = "<group>"; };
		5000C17D50280A5A526D5373 /* TrainingSettings.swift */ = {isa = PBXFileReference; lastKnownFileType = sourcecode.swift; path = TrainingSettings.swift; sourceTree = "<group>"; };
		502A7FB9F9F45ED2A8662383 /* GoNoGoTrainingView.swift */ = {isa = PBXFileReference; lastKnownFileType = sourcecode.swift; path = GoNoGoTrainingView.swift; sourceTree = "<group>"; };
		505BED6FD60D9E4F54FB85ED /* SchulteEngineTests.swift */ = {isa = PBXFileReference; lastKnownFileType = sourcecode.swift; path = SchulteEngineTests.swift; sourceTree = "<group>"; };
		54A65E8DED310B6784B190B7 /* ChangeDetectionTrainingView.swift */ = {isa = PBXFileReference; lastKnownFileType = sourcecode.swift; path = ChangeDetectionTrainingView.swift; sourceTree = "<group>"; };
		54E43BBD54F54989BD03222D /* SessionTimeline.swift */ = {isa = PBXFileReference; lastKnownFileType = sourcecode.swift; path = SessionTimeline.swift; sourceTree = "<group>"; };
		55A6AA085AFF305D9FEB1DA4 /* WarmupDetector.swift */ = {isa = PBXFileReference; lastKnownFileType = sourcecode.swift; path = WarmupDetector.swift; sourceTree = "<group>"; };
		55C738633D14E5DBD188AF4D /* PracticeTrialManager.swift */ = {isa = PBXFileReference; lastKnownFileType = sourcecode.swift; path = PracticeTrialManager.swift; sourceTree = "<group>"; };
		55D3B38D5DD15F5736A7D085 /* SyllogismTrainingView.swift */ = {isa = PBXFileReference; lastKnownFileType = sourcecode.swift; path = SyllogismTrainingView.swift; sourceTree = "<group>"; };
		5708C4E7203DD9CD90463D18 /* FatigueDetector.swift */ = {isa = PBXFileReference; lastKnownFileType = sourcecode.swift; path = FatigueDetector.swift; sourceTree = "<group>"; };
		5AE9D674A98D351AD8E44F75 /* SyllogismCoordinator.swift */ = {isa = PBXFileReference; lastKnownFileType = sourcecode.swift; path = SyllogismCoordinator.swift; sourceTree = "<group>"; };
		61B771D0D1DB2C65C9B961D6 /* LocalTrainingStoreTests.swift */ = {isa = PBXFileReference; lastKnownFileType = sourcecode.swift; path = LocalTrainingStoreTests.swift; sourceTree = "<group>"; };
		63BB37ABC614AB403976BBC8 /* CorsiBlockModels.swift */ = {isa = PBXFileReference; lastKnownFileType = sourcecode.swift; path = CorsiBlockModels.swift; sourceTree = "<group>"; };
		6772339D4BCE2F89DA745716 /* GoNoGoEngineTests.swift */ = {isa = PBXFileReference; lastKnownFileType = sourcecode.swift; path = GoNoGoEngineTests.swift; sourceTree = "<group>"; };
		6AD7981D04DEA2F51D52500F /* SessionResult.swift */ = {isa = PBXFileReference; lastKnownFileType = sourcecode.swift; path = SessionResult.swift; sourceTree = "<group>"; };
		6F20BEFA315BED5748C9FDCF /* StopSignalTrainingView.swift */ = {isa = PBXFileReference; lastKnownFileType = sourcecode.swift; path = StopSignalTrainingView.swift; sourceTree = "<group>"; };
		708ADE897227D785DA66A6AC /* DigitSpanModels.swift */ = {isa = PBXFileReference; lastKnownFileType = sourcecode.swift; path = DigitSpanModels.swift; sourceTree = "<group>"; };
		70A53B6B17ACE1639E29F718 /* Formatters.swift */ = {isa = PBXFileReference; lastKnownFileType = sourcecode.swift; path = Formatters.swift; sourceTree = "<group>"; };
		71C72DE94982FDD6CAE55CAF /* SpeedAccuracyAnalyzer.swift */ = {isa = PBXFileReference; lastKnownFileType = sourcecode.swift; path = SpeedAccuracyAnalyzer.swift; sourceTree = "<group>"; };
		72D1244DB665C2C8D8E49325 /* PresentationProfile.swift */ = {isa = PBXFileReference; lastKnownFileType = sourcecode.swift; path = PresentationProfile.swift; sourceTree = "<group>"; };
		74AFCF4DC9C5D0F38ED7DDF7 /* LogicArgumentCleaner.swift */ = {isa = PBXFileReference; lastKnownFileType = sourcecode.swift; path = LogicArgumentCleaner.swift; sourceTree = "<group>"; };
		759FBA1F256D781ED292C311 /* HistoryView.swift */ = {isa = PBXFileReference; lastKnownFileType = sourcecode.swift; path = HistoryView.swift; sourceTree = "<group>"; };
		7616F78D707DE4E4246CE7B0 /* VisualSearchCoordinator.swift */ = {isa = PBXFileReference; lastKnownFileType = sourcecode.swift; path = VisualSearchCoordinator.swift; sourceTree = "<group>"; };
		791FA323988886A267E09047 /* VisualSearchTrainingView.swift */ = {isa = PBXFileReference; lastKnownFileType = sourcecode.swift; path = VisualSearchTrainingView.swift; sourceTree = "<group>"; };
		7947501A7432AFA5E41366A1 /* TrialExporter.swift */ = {isa = PBXFileReference; lastKnownFileType = sourcecode.swift; path = TrialExporter.swift; sourceTree = "<group>"; };
		7D41A0937210B5B92216B20B /* PracticeTrialTests.swift */ = {isa = PBXFileReference; lastKnownFileType = sourcecode.swift; path = PracticeTrialTests.swift; sourceTree = "<group>"; };
		818A79C3D6DE8F012BFFA5B4 /* AppIcon.icns */ = {isa = PBXFileReference; lastKnownFileType = image.icns; path = AppIcon.icns; sourceTree = "<group>"; };
		83505935BAF94F581D1538CE /* DelayedRecallTrainingView.swift */ = {isa = PBXFileReference; lastKnownFileType = sourcecode.swift; path = DelayedRecallTrainingView.swift; sourceTree = "<group>"; };
		849FE99A1D49E71212E788CC /* SchulteCoordinator.swift */ = {isa = PBXFileReference; lastKnownFileType = sourcecode.swift; path = SchulteCoordinator.swift; sourceTree = "<group>"; };
		8C015BB4ED14489EC8ACF40F /* FlankerTrainingView.swift */ = {isa = PBXFileReference; lastKnownFileType = sourcecode.swift; path = FlankerTrainingView.swift; sourceTree = "<group>"; };
		8C56BA2B70F496ABB4B0F25E /* AppModelAdaptiveTests.swift */ = {isa = PBXFileReference; lastKnownFileType = sourcecode.swift; path = AppModelAdaptiveTests.swift; sourceTree = "<group>"; };
		8D539644587C31816E3CCA81 /* StopSignalCoordinator.swift */ = {isa = PBXFileReference; lastKnownFileType = sourcecode.swift; path = StopSignalCoordinator.swift; sourceTree = "<group>"; };
		8D98A8BC99E5A0DE9D159C26 /* SchulteTrainingView.swift */ = {isa = PBXFileReference; lastKnownFileType = sourcecode.swift; path = SchulteTrainingView.swift; sourceTree = "<group>"; };
		8DE512B5463169FD1263C033 /* SyllogismEngine.swift */ = {isa = PBXFileReference; lastKnownFileType = sourcecode.swift; path = SyllogismEngine.swift; sourceTree = "<group>"; };
		8FFB6312008958F540FF509B /* ChangeDetectionModels.swift */ = {isa = PBXFileReference; lastKnownFileType = sourcecode.swift; path = ChangeDetectionModels.swift; sourceTree = "<group>"; };
		9262738BD3AC50C09C109B89 /* ChoiceRTTrainingView.swift */ = {isa = PBXFileReference; lastKnownFileType = sourcecode.swift; path = ChoiceRTTrainingView.swift; sourceTree = "<group>"; };
		951B05FFC270D4DA02F85B0A /* ChangeDetectionCoordinator.swift */ = {isa = PBXFileReference; lastKnownFileType = sourcecode.swift; path = ChangeDetectionCoordinator.swift; sourceTree = "<group>"; };
		96BA0D6B7AF44FB64229EC32 /* FlankerModels.swift */ = {isa = PBXFileReference; lastKnownFileType = sourcecode.swift; path = FlankerModels.swift; sourceTree = "<group>"; };
		987EFA42EA0754D684EDB9EE /* FatigueDetectorTests.swift */ = {isa = PBXFileReference; lastKnownFileType = sourcecode.swift; path = FatigueDetectorTests.swift; sourceTree = "<group>"; };
		9BA9ABBAB83BD9B07A49998D /* SettingsView.swift */ = {isa = PBXFileReference; lastKnownFileType = sourcecode.swift; path = SettingsView.swift; sourceTree = "<group>"; };
		9BB202E74A251CC170824CBD /* ChoiceRTCoordinator.swift */ = {isa = PBXFileReference; lastKnownFileType = sourcecode.swift; path = ChoiceRTCoordinator.swift; sourceTree = "<group>"; };
		9C5E1F5D14535F624A42A8B1 /* LogicArgumentTrainingView.swift */ = {isa = PBXFileReference; lastKnownFileType = sourcecode.swift; path = LogicArgumentTrainingView.swift; sourceTree = "<group>"; };
		A1B8DBFDBC6A805E16DD1016 /* DailyPlanView.swift */ = {isa = PBXFileReference; lastKnownFileType = sourcecode.swift; path = DailyPlanView.swift; sourceTree = "<group>"; };
		A1D0DF9EE56125C57743B296 /* AchievementModel.swift */ = {isa = PBXFileReference; lastKnownFileType = sourcecode.swift; path = AchievementModel.swift; sourceTree = "<group>"; };
		A602DBD696F9E4699E9F7F5C /* LogicArgumentEngine.swift */ = {isa = PBXFileReference; lastKnownFileType = sourcecode.swift; path = LogicArgumentEngine.swift; sourceTree = "<group>"; };
		A9ECA1CB66C1E77E8E48BC9B /* DigitSpanEngineTests.swift */ = {isa = PBXFileReference; lastKnownFileType = sourcecode.swift; path = DigitSpanEngineTests.swift; sourceTree = "<group>"; };
		B31BD0060E312911369EA96C /* AttentionLapseDetector.swift */ = {isa = PBXFileReference; lastKnownFileType = sourcecode.swift; path = AttentionLapseDetector.swift; sourceTree = "<group>"; };
		B34DB861F3379F02AFB27A57 /* GoNoGoModels.swift */ = {isa = PBXFileReference; lastKnownFileType = sourcecode.swift; path = GoNoGoModels.swift; sourceTree = "<group>"; };
		B8F68BAA23281DCA3CB61F8E /* CorsiBlockCoordinator.swift */ = {isa = PBXFileReference; lastKnownFileType = sourcecode.swift; path = CorsiBlockCoordinator.swift; sourceTree = "<group>"; };
		B95F8D55744E27A547A86A88 /* TrainingModule.swift */ = {isa = PBXFileReference; lastKnownFileType = sourcecode.swift; path = TrainingModule.swift; sourceTree = "<group>"; };
		BC1D8836EB75C0E87DED71BB /* ReadingContent.swift */ = {isa = PBXFileReference; lastKnownFileType = sourcecode.swift; path = ReadingContent.swift; sourceTree = "<group>"; };
		BC50E81C058F82BFC1F6E2F6 /* ReadingDifficultyPlannerTests.swift */ = {isa = PBXFileReference; lastKnownFileType = sourcecode.swift; path = ReadingDifficultyPlannerTests.swift; sourceTree = "<group>"; };
		BCD26CBCDB25C48A6E0B4AB5 /* CorsiBlockEngine.swift */ = {isa = PBXFileReference; lastKnownFileType = sourcecode.swift; path = CorsiBlockEngine.swift; sourceTree = "<group>"; };
		BCFB911BF237C0BC1012A9CD /* Materials.swift */ = {isa = PBXFileReference; lastKnownFileType = sourcecode.swift; path = Materials.swift; sourceTree = "<group>"; };
		C40A83720D3EA199BFCB32A8 /* AdaptiveDifficultyTests.swift */ = {isa = PBXFileReference; lastKnownFileType = sourcecode.swift; path = AdaptiveDifficultyTests.swift; sourceTree = "<group>"; };
		C47D39E817097BEE51837940 /* BrainDrillTests.xctest */ = {isa = PBXFileReference; explicitFileType = wrapper.cfbundle; includeInIndex = 0; path = BrainDrillTests.xctest; sourceTree = BUILT_PRODUCTS_DIR; };
		C9790DEE82B32AB43219616B /* StopSignalEngine.swift */ = {isa = PBXFileReference; lastKnownFileType = sourcecode.swift; path = StopSignalEngine.swift; sourceTree = "<group>"; };
		CAFAB419D6D82F2FA85E0D2C /* MainIdeaTrainingView.swift */ = {isa = PBXFileReference; lastKnownFileType = sourcecode.swift; path = MainIdeaTrainingView.swift; sourceTree = "<group>"; };
		CD27D96C706B9B5230BCDF29 /* AnomalyDetector.swift */ = {isa = PBXFileReference; lastKnownFileType = sourcecode.swift; path = AnomalyDetector.swift; sourceTree = "<group>"; };
		CD3C842B59D0C9D962CE06B3 /* TrainingStatisticsTests.swift */ = {isa = PBXFileReference; lastKnownFileType = sourcecode.swift; path = TrainingStatisticsTests.swift; sourceTree = "<group>"; };
		CD3D5E08C0FCDFFA217275FD /* ReadingSupportViews.swift */ = {isa = PBXFileReference; lastKnownFileType = sourcecode.swift; path = ReadingSupportViews.swift; sourceTree = "<group>"; };
		CE37E33424D9E26BF27A66C3 /* NBackCoordinator.swift */ = {isa = PBXFileReference; lastKnownFileType = sourcecode.swift; path = NBackCoordinator.swift; sourceTree = "<group>"; };
		D2214E0CB4B855833949379F /* AppModel.swift */ = {isa = PBXFileReference; lastKnownFileType = sourcecode.swift; path = AppModel.swift; sourceTree = "<group>"; };
		D4E9ED72D0F10089F08F2554 /* WindowedAdaptiveEvaluator.swift */ = {isa = PBXFileReference; lastKnownFileType = sourcecode.swift; path = WindowedAdaptiveEvaluator.swift; sourceTree = "<group>"; };
		DA3A03C2E1A2B0201FF5ABE8 /* ReadingPassageLibraryTests.swift */ = {isa = PBXFileReference; lastKnownFileType = sourcecode.swift; path = ReadingPassageLibraryTests.swift; sourceTree = "<group>"; };
		DD62AA4CB8048DF102745D2B /* CognitiveProfileTests.swift */ = {isa = PBXFileReference; lastKnownFileType = sourcecode.swift; path = CognitiveProfileTests.swift; sourceTree = "<group>"; };
		F1A7B5C4D9E24310A8B6C7D0 /* WorkbenchNavigationTests.swift */ = {isa = PBXFileReference; lastKnownFileType = sourcecode.swift; path = WorkbenchNavigationTests.swift; sourceTree = "<group>"; };
		DE2C59EA2FA7E146AF29C551 /* TimeOfDayAnalyzer.swift */ = {isa = PBXFileReference; lastKnownFileType = sourcecode.swift; path = TimeOfDayAnalyzer.swift; sourceTree = "<group>"; };
		E1973EE476BBD8069E89548F /* TrainingScheduler.swift */ = {isa = PBXFileReference; lastKnownFileType = sourcecode.swift; path = TrainingScheduler.swift; sourceTree = "<group>"; };
		E3D0DAA012D79FDF8A05C790 /* LogicArgumentCoordinator.swift */ = {isa = PBXFileReference; lastKnownFileType = sourcecode.swift; path = LogicArgumentCoordinator.swift; sourceTree = "<group>"; };
		E3F5BEA81EA4996059B42BED /* TrialExporterTests.swift */ = {isa = PBXFileReference; lastKnownFileType = sourcecode.swift; path = TrialExporterTests.swift; sourceTree = "<group>"; };
		E56D304010011B8B958BF06D /* StopSignalModels.swift */ = {isa = PBXFileReference; lastKnownFileType = sourcecode.swift; path = StopSignalModels.swift; sourceTree = "<group>"; };
		E70478BD6CD6784CC4139026 /* AppModelFeedbackTests.swift */ = {isa = PBXFileReference; lastKnownFileType = sourcecode.swift; path = AppModelFeedbackTests.swift; sourceTree = "<group>"; };
		E7AC0B934CC1B8E94961CBD9 /* BrainDrillApp.swift */ = {isa = PBXFileReference; lastKnownFileType = sourcecode.swift; path = BrainDrillApp.swift; sourceTree = "<group>"; };
		E7E62565E0961C4FDE18B014 /* SyllogismModels.swift */ = {isa = PBXFileReference; lastKnownFileType = sourcecode.swift; path = SyllogismModels.swift; sourceTree = "<group>"; };
		AA0000000000000000000011 /* SyllogismLesson.swift */ = {isa = PBXFileReference; lastKnownFileType = sourcecode.swift; path = SyllogismLesson.swift; sourceTree = "<group>"; };
		AA0000000000000000000012 /* SyllogismLearningView.swift */ = {isa = PBXFileReference; lastKnownFileType = sourcecode.swift; path = SyllogismLearningView.swift; sourceTree = "<group>"; };
		AA0000000000000000000013 /* SyllogismPracticeView.swift */ = {isa = PBXFileReference; lastKnownFileType = sourcecode.swift; path = SyllogismPracticeView.swift; sourceTree = "<group>"; };
		E8238787423533BE073924F1 /* AdaptiveDifficulty.swift */ = {isa = PBXFileReference; lastKnownFileType = sourcecode.swift; path = AdaptiveDifficulty.swift; sourceTree = "<group>"; };
		E8EC8A3CAA5A4F242BC2C6D2 /* CorsiBlockEngineTests.swift */ = {isa = PBXFileReference; lastKnownFileType = sourcecode.swift; path = CorsiBlockEngineTests.swift; sourceTree = "<group>"; };
		E907A859284C945145B5DF97 /* StopSignalEngineTests.swift */ = {isa = PBXFileReference; lastKnownFileType = sourcecode.swift; path = StopSignalEngineTests.swift; sourceTree = "<group>"; };
		E90C982D01723D9801ADD4F6 /* AIClient.swift */ = {isa = PBXFileReference; lastKnownFileType = sourcecode.swift; path = AIClient.swift; sourceTree = "<group>"; };
		EA762D78FFBD9A51203D5329 /* NBackModels.swift */ = {isa = PBXFileReference; lastKnownFileType = sourcecode.swift; path = NBackModels.swift; sourceTree = "<group>"; };
		EB5FB0B71B1960B34BF13FC2 /* LogicArgumentModels.swift */ = {isa = PBXFileReference; lastKnownFileType = sourcecode.swift; path = LogicArgumentModels.swift; sourceTree = "<group>"; };
		EC486D989E488F969140377A /* ChangeDetectionEngine.swift */ = {isa = PBXFileReference; lastKnownFileType = sourcecode.swift; path = ChangeDetectionEngine.swift; sourceTree = "<group>"; };
		ED9AED894169E0E0E6B2A696 /* Resources */ = {isa = PBXFileReference; lastKnownFileType = folder; path = Resources; sourceTree = SOURCE_ROOT; };
		EF95B8416B7B695F0596FEB8 /* TrainingSchedulerTests.swift */ = {isa = PBXFileReference; lastKnownFileType = sourcecode.swift; path = TrainingSchedulerTests.swift; sourceTree = "<group>"; };
		F0A49062F8F34EF00C330096 /* FlankerEngineTests.swift */ = {isa = PBXFileReference; lastKnownFileType = sourcecode.swift; path = FlankerEngineTests.swift; sourceTree = "<group>"; };
		F0B3CF448864F30AEECD8088 /* ChoiceRTModels.swift */ = {isa = PBXFileReference; lastKnownFileType = sourcecode.swift; path = ChoiceRTModels.swift; sourceTree = "<group>"; };
		F27DE99B0D8B31706AC6C22D /* CorsiBlockTrainingView.swift */ = {isa = PBXFileReference; lastKnownFileType = sourcecode.swift; path = CorsiBlockTrainingView.swift; sourceTree = "<group>"; };
		F27F6CC803A8430DCFF2ECD4 /* EvidenceMapTrainingView.swift */ = {isa = PBXFileReference; lastKnownFileType = sourcecode.swift; path = EvidenceMapTrainingView.swift; sourceTree = "<group>"; };
		F4680FFD87BE62DB5E3195F0 /* CognitiveProfile.swift */ = {isa = PBXFileReference; lastKnownFileType = sourcecode.swift; path = CognitiveProfile.swift; sourceTree = "<group>"; };
		F4CBAA70A83CE4EBD5F9729C /* TrainingStore.swift */ = {isa = PBXFileReference; lastKnownFileType = sourcecode.swift; path = TrainingStore.swift; sourceTree = "<group>"; };
		F79FA2BD3E5D199AF3874281 /* TrainingStatistics.swift */ = {isa = PBXFileReference; lastKnownFileType = sourcecode.swift; path = TrainingStatistics.swift; sourceTree = "<group>"; };
		FC468E0950A76D1C8B0629A9 /* AdaptiveScoring.swift */ = {isa = PBXFileReference; lastKnownFileType = sourcecode.swift; path = AdaptiveScoring.swift; sourceTree = "<group>"; };
		FE153EBD09A9755C08FF8C0D /* Theme.swift */ = {isa = PBXFileReference; lastKnownFileType = sourcecode.swift; path = Theme.swift; sourceTree = "<group>"; };
/* End PBXFileReference section */

/* Begin PBXFrameworksBuildPhase section */
		26B2E2946D23342A2B2032A1 /* Frameworks */ = {
			isa = PBXFrameworksBuildPhase;
			buildActionMask = 2147483647;
			files = (
				70AD24A07B29967BF9AA0165 /* OpenAI in Frameworks */,
			);
			runOnlyForDeploymentPostprocessing = 0;
		};
/* End PBXFrameworksBuildPhase section */

/* Begin PBXGroup section */
		0B5A1D21C4211B35B929572F /* Models */ = {
			isa = PBXGroup;
			children = (
				A1D0DF9EE56125C57743B296 /* AchievementModel.swift */,
				110C1372270CE033DD190758 /* AdaptiveProfileModels.swift */,
				8FFB6312008958F540FF509B /* ChangeDetectionModels.swift */,
				F0B3CF448864F30AEECD8088 /* ChoiceRTModels.swift */,
				63BB37ABC614AB403976BBC8 /* CorsiBlockModels.swift */,
				708ADE897227D785DA66A6AC /* DigitSpanModels.swift */,
				96BA0D6B7AF44FB64229EC32 /* FlankerModels.swift */,
				B34DB861F3379F02AFB27A57 /* GoNoGoModels.swift */,
				EB5FB0B71B1960B34BF13FC2 /* LogicArgumentModels.swift */,
				BCFB911BF237C0BC1012A9CD /* Materials.swift */,
				EA762D78FFBD9A51203D5329 /* NBackModels.swift */,
				BC1D8836EB75C0E87DED71BB /* ReadingContent.swift */,
				217FDC9BBD48D8B5F4F2E9B0 /* SchulteModels.swift */,
				6AD7981D04DEA2F51D52500F /* SessionResult.swift */,
				E56D304010011B8B958BF06D /* StopSignalModels.swift */,
				E7E62565E0961C4FDE18B014 /* SyllogismModels.swift */,
				AA0000000000000000000011 /* SyllogismLesson.swift */,
				B95F8D55744E27A547A86A88 /* TrainingModule.swift */,
				5000C17D50280A5A526D5373 /* TrainingSettings.swift */,
				F79FA2BD3E5D199AF3874281 /* TrainingStatistics.swift */,
				0AA709F7999901B324E9E141 /* VisualSearchModels.swift */,
			);
			path = Models;
			sourceTree = "<group>";
		};
		125391056B98F96774DC0D24 /* App */ = {
			isa = PBXGroup;
			children = (
				D2214E0CB4B855833949379F /* AppModel.swift */,
				35CF4487F0A97973C4F1EDAB /* AppRoute.swift */,
				E7AC0B934CC1B8E94961CBD9 /* BrainDrillApp.swift */,
				3E159DA49C25987133D07CCA /* RootView.swift */,
			);
			path = App;
			sourceTree = "<group>";
		};
		19F6141531D350E6C0395E62 /* DailyPlan */ = {
			isa = PBXGroup;
			children = (
				A1B8DBFDBC6A805E16DD1016 /* DailyPlanView.swift */,
			);
			path = DailyPlan;
			sourceTree = "<group>";
		};
		1E68C1DB89AC875C0251CD47 /* Materials */ = {
			isa = PBXGroup;
			children = (
				E90C982D01723D9801ADD4F6 /* AIClient.swift */,
				74AFCF4DC9C5D0F38ED7DDF7 /* LogicArgumentCleaner.swift */,
				41970D638384068D26FE9E83 /* MaterialsPipeline.swift */,
			);
			path = Materials;
			sourceTree = "<group>";
		};
		26B3FC679F9227C584F321F6 /* Coordinators */ = {
			isa = PBXGroup;
			children = (
				951B05FFC270D4DA02F85B0A /* ChangeDetectionCoordinator.swift */,
				9BB202E74A251CC170824CBD /* ChoiceRTCoordinator.swift */,
				B8F68BAA23281DCA3CB61F8E /* CorsiBlockCoordinator.swift */,
				11DFAC6ABEC932BB460F8287 /* DigitSpanCoordinator.swift */,
				042FB4E91E3490C7D0376A53 /* FlankerCoordinator.swift */,
				1000952827CB88707A2AFD4F /* GoNoGoCoordinator.swift */,
				E3D0DAA012D79FDF8A05C790 /* LogicArgumentCoordinator.swift */,
				CE37E33424D9E26BF27A66C3 /* NBackCoordinator.swift */,
				849FE99A1D49E71212E788CC /* SchulteCoordinator.swift */,
				8D539644587C31816E3CCA81 /* StopSignalCoordinator.swift */,
				5AE9D674A98D351AD8E44F75 /* SyllogismCoordinator.swift */,
				7616F78D707DE4E4246CE7B0 /* VisualSearchCoordinator.swift */,
			);
			path = Coordinators;
			sourceTree = "<group>";
		};
		2842A5E363E8202B6B0128FE /* Flanker */ = {
			isa = PBXGroup;
			children = (
				8C015BB4ED14489EC8ACF40F /* FlankerTrainingView.swift */,
			);
			path = Flanker;
			sourceTree = "<group>";
		};
		34492EEB6E03C5DC742B1FC3 /* VisualSearch */ = {
			isa = PBXGroup;
			children = (
				791FA323988886A267E09047 /* VisualSearchTrainingView.swift */,
			);
			path = VisualSearch;
			sourceTree = "<group>";
		};
		361931B2268201EAA31694E6 /* Products */ = {
			isa = PBXGroup;
			children = (
				441CA910432DBE3FDB9F9F9D /* BrainDrill.app */,
				C47D39E817097BEE51837940 /* BrainDrillTests.xctest */,
			);
			name = Products;
			sourceTree = "<group>";
		};
		39EA4A5DD769CAB93ED98EAA /* Tests */ = {
			isa = PBXGroup;
			children = (
				B7968A18CB0BFB6379B5A36E /* BrainDrillTests */,
			);
			path = Tests;
			sourceTree = "<group>";
		};
		3DC42D19B58E077BECBB17B3 /* Logic */ = {
			isa = PBXGroup;
			children = (
				9C5E1F5D14535F624A42A8B1 /* LogicArgumentTrainingView.swift */,
				AA0000000000000000000012 /* SyllogismLearningView.swift */,
				AA0000000000000000000013 /* SyllogismPracticeView.swift */,
				55D3B38D5DD15F5736A7D085 /* SyllogismTrainingView.swift */,
			);
			path = Logic;
			sourceTree = "<group>";
		};
		4ABEF9F642F66084E7ECD862 /* ChoiceRT */ = {
			isa = PBXGroup;
			children = (
				9262738BD3AC50C09C109B89 /* ChoiceRTTrainingView.swift */,
			);
			path = ChoiceRT;
			sourceTree = "<group>";
		};
		5333DEF8BB6386BE24280F62 /* StopSignal */ = {
			isa = PBXGroup;
			children = (
				6F20BEFA315BED5748C9FDCF /* StopSignalTrainingView.swift */,
			);
			path = StopSignal;
			sourceTree = "<group>";
		};
		53D7CED61A1290797986E285 /* ChangeDetection */ = {
			isa = PBXGroup;
			children = (
				54A65E8DED310B6784B190B7 /* ChangeDetectionTrainingView.swift */,
			);
			path = ChangeDetection;
			sourceTree = "<group>";
		};
		57AF234151D4C0A1EFE8703A /* Materials */ = {
			isa = PBXGroup;
			children = (
				0D918404267D2574EA9E0E94 /* MaterialsWorkbenchView.swift */,
			);
			path = Materials;
			sourceTree = "<group>";
		};
		65892B905B4E8FD060D0FA8F /* Settings */ = {
			isa = PBXGroup;
			children = (
				9BA9ABBAB83BD9B07A49998D /* SettingsView.swift */,
			);
			path = Settings;
			sourceTree = "<group>";
		};
		6E692C2538A067FBFE2690BB /* Reading */ = {
			isa = PBXGroup;
			children = (
				83505935BAF94F581D1538CE /* DelayedRecallTrainingView.swift */,
				F27F6CC803A8430DCFF2ECD4 /* EvidenceMapTrainingView.swift */,
				CAFAB419D6D82F2FA85E0D2C /* MainIdeaTrainingView.swift */,
				CD3D5E08C0FCDFFA217275FD /* ReadingSupportViews.swift */,
			);
			path = Reading;
			sourceTree = "<group>";
		};
		6EDEEB88155BD0FCEB61D29B /* DigitSpan */ = {
			isa = PBXGroup;
			children = (
				3E487B164CF461201130B378 /* DigitSpanTrainingView.swift */,
			);
			path = DigitSpan;
			sourceTree = "<group>";
		};
		807F02FDCDA80A9A63C7D876 /* Schulte */ = {
			isa = PBXGroup;
			children = (
				8D98A8BC99E5A0DE9D159C26 /* SchulteTrainingView.swift */,
			);
			path = Schulte;
			sourceTree = "<group>";
		};
		9454FF81E90B4471BF88EFF7 /* CorsiBlock */ = {
			isa = PBXGroup;
			children = (
				F27DE99B0D8B31706AC6C22D /* CorsiBlockTrainingView.swift */,
			);
			path = CorsiBlock;
			sourceTree = "<group>";
		};
		9B79F2C7E5DFD84177DE259E = {
			isa = PBXGroup;
			children = (
				818A79C3D6DE8F012BFFA5B4 /* AppIcon.icns */,
				ED9AED894169E0E0E6B2A696 /* Resources */,
				BC2A870D27FC41AC3D96248B /* Sources */,
				39EA4A5DD769CAB93ED98EAA /* Tests */,
				361931B2268201EAA31694E6 /* Products */,
			);
			sourceTree = "<group>";
		};
		A9CDB8A8C3E0E394F91ADBD9 /* Core */ = {
			isa = PBXGroup;
			children = (
				E8238787423533BE073924F1 /* AdaptiveDifficulty.swift */,
				FC468E0950A76D1C8B0629A9 /* AdaptiveScoring.swift */,
				F4680FFD87BE62DB5E3195F0 /* CognitiveProfile.swift */,
				5708C4E7203DD9CD90463D18 /* FatigueDetector.swift */,
				70A53B6B17ACE1639E29F718 /* Formatters.swift */,
				36C535194C7D191F5846C82B /* KeychainHelper.swift */,
				329BED2A7C5813E16D6CDD4D /* KeywordSynonyms.swift */,
				187017D661E88BB5838CEBF6 /* MetricsCalculator.swift */,
				55C738633D14E5DBD188AF4D /* PracticeTrialManager.swift */,
				04B80B48902665B79BAF5136 /* StreakTracker.swift */,
				F4CBAA70A83CE4EBD5F9729C /* TrainingStore.swift */,
				7947501A7432AFA5E41366A1 /* TrialExporter.swift */,
				D4E9ED72D0F10089F08F2554 /* WindowedAdaptiveEvaluator.swift */,
				E407BE4D5658BD19302631DC /* Analytics */,
				26B3FC679F9227C584F321F6 /* Coordinators */,
				FF8FBC69104434B655A8D796 /* Engines */,
				1E68C1DB89AC875C0251CD47 /* Materials */,
				0B5A1D21C4211B35B929572F /* Models */,
			);
			path = Core;
			sourceTree = "<group>";
		};
		B7968A18CB0BFB6379B5A36E /* BrainDrillTests */ = {
			isa = PBXGroup;
			children = (
				C40A83720D3EA199BFCB32A8 /* AdaptiveDifficultyTests.swift */,
				8C56BA2B70F496ABB4B0F25E /* AppModelAdaptiveTests.swift */,
				E70478BD6CD6784CC4139026 /* AppModelFeedbackTests.swift */,
				25B9091CAC3069CDCDFA1DD3 /* ChangeDetectionEngineTests.swift */,
				366854644F118C72921BBB95 /* ChoiceRTEngineTests.swift */,
				DD62AA4CB8048DF102745D2B /* CognitiveProfileTests.swift */,
				E8EC8A3CAA5A4F242BC2C6D2 /* CorsiBlockEngineTests.swift */,
				A9ECA1CB66C1E77E8E48BC9B /* DigitSpanEngineTests.swift */,
				987EFA42EA0754D684EDB9EE /* FatigueDetectorTests.swift */,
				F0A49062F8F34EF00C330096 /* FlankerEngineTests.swift */,
				6772339D4BCE2F89DA745716 /* GoNoGoEngineTests.swift */,
				61B771D0D1DB2C65C9B961D6 /* LocalTrainingStoreTests.swift */,
				336B18BD2642098C59C3F87A /* MaterialsPipelineTests.swift */,
				394DC5F4346B3A8B862B789D /* MetricsCalculatorTests.swift */,
				4B4944CABF706A8FF8063424 /* ModuleFlowIntegrationTests.swift */,
				35E56888D4756A7600BE8441 /* NBackCoordinatorTests.swift */,
				365065A29DB8DF240F44F5CD /* NBackEngineTests.swift */,
				256F13CD5F32401B4D955566 /* PerformanceAnalyticsTests.swift */,
				7D41A0937210B5B92216B20B /* PracticeTrialTests.swift */,
				BC50E81C058F82BFC1F6E2F6 /* ReadingDifficultyPlannerTests.swift */,
				DA3A03C2E1A2B0201FF5ABE8 /* ReadingPassageLibraryTests.swift */,
				505BED6FD60D9E4F54FB85ED /* SchulteEngineTests.swift */,
				E907A859284C945145B5DF97 /* StopSignalEngineTests.swift */,
				EF95B8416B7B695F0596FEB8 /* TrainingSchedulerTests.swift */,
				CD3C842B59D0C9D962CE06B3 /* TrainingStatisticsTests.swift */,
				E3F5BEA81EA4996059B42BED /* TrialExporterTests.swift */,
				1271F3D012D192E6E5C9CFC2 /* VisualSearchEngineTests.swift */,
				F1A7B5C4D9E24310A8B6C7D0 /* WorkbenchNavigationTests.swift */,
			);
			path = BrainDrillTests;
			sourceTree = "<group>";
		};
		B7AA0538F791BAB906432143 /* Shared */ = {
			isa = PBXGroup;
			children = (
				72D1244DB665C2C8D8E49325 /* PresentationProfile.swift */,
				45E20FAA1BC6A14CFE442031 /* SurfaceComponents.swift */,
				FE153EBD09A9755C08FF8C0D /* Theme.swift */,
			);
			path = Shared;
			sourceTree = "<group>";
		};
		BC2A870D27FC41AC3D96248B /* Sources */ = {
			isa = PBXGroup;
			children = (
				125391056B98F96774DC0D24 /* App */,
				A9CDB8A8C3E0E394F91ADBD9 /* Core */,
				BC91713D7B887A325E2CBDD1 /* Features */,
				B7AA0538F791BAB906432143 /* Shared */,
			);
			path = Sources;
			sourceTree = "<group>";
		};
		BC91713D7B887A325E2CBDD1 /* Features */ = {
			isa = PBXGroup;
			children = (
				53D7CED61A1290797986E285 /* ChangeDetection */,
				4ABEF9F642F66084E7ECD862 /* ChoiceRT */,
				9454FF81E90B4471BF88EFF7 /* CorsiBlock */,
				19F6141531D350E6C0395E62 /* DailyPlan */,
				6EDEEB88155BD0FCEB61D29B /* DigitSpan */,
				2842A5E363E8202B6B0128FE /* Flanker */,
				C8EAB92B4ADD25241B7D88E0 /* GoNoGo */,
				ECEF7152393B797E8D9ECDF2 /* History */,
				3DC42D19B58E077BECBB17B3 /* Logic */,
				57AF234151D4C0A1EFE8703A /* Materials */,
				E7D54C8EE972B4B046B323E3 /* NBack */,
				6E692C2538A067FBFE2690BB /* Reading */,
				807F02FDCDA80A9A63C7D876 /* Schulte */,
				65892B905B4E8FD060D0FA8F /* Settings */,
				5333DEF8BB6386BE24280F62 /* StopSignal */,
				34492EEB6E03C5DC742B1FC3 /* VisualSearch */,
			);
			path = Features;
			sourceTree = "<group>";
		};
		C8EAB92B4ADD25241B7D88E0 /* GoNoGo */ = {
			isa = PBXGroup;
			children = (
				502A7FB9F9F45ED2A8662383 /* GoNoGoTrainingView.swift */,
			);
			path = GoNoGo;
			sourceTree = "<group>";
		};
		E407BE4D5658BD19302631DC /* Analytics */ = {
			isa = PBXGroup;
			children = (
				CD27D96C706B9B5230BCDF29 /* AnomalyDetector.swift */,
				B31BD0060E312911369EA96C /* AttentionLapseDetector.swift */,
				54E43BBD54F54989BD03222D /* SessionTimeline.swift */,
				71C72DE94982FDD6CAE55CAF /* SpeedAccuracyAnalyzer.swift */,
				DE2C59EA2FA7E146AF29C551 /* TimeOfDayAnalyzer.swift */,
				E1973EE476BBD8069E89548F /* TrainingScheduler.swift */,
				55A6AA085AFF305D9FEB1DA4 /* WarmupDetector.swift */,
			);
			path = Analytics;
			sourceTree = "<group>";
		};
		E7D54C8EE972B4B046B323E3 /* NBack */ = {
			isa = PBXGroup;
			children = (
				390575F3DB947580B32395D4 /* NBackTrainingView.swift */,
			);
			path = NBack;
			sourceTree = "<group>";
		};
		ECEF7152393B797E8D9ECDF2 /* History */ = {
			isa = PBXGroup;
			children = (
				759FBA1F256D781ED292C311 /* HistoryView.swift */,
			);
			path = History;
			sourceTree = "<group>";
		};
		FF8FBC69104434B655A8D796 /* Engines */ = {
			isa = PBXGroup;
			children = (
				EC486D989E488F969140377A /* ChangeDetectionEngine.swift */,
				2DFAF1C45AC4784CF89CE962 /* ChoiceRTEngine.swift */,
				BCD26CBCDB25C48A6E0B4AB5 /* CorsiBlockEngine.swift */,
				41D3120C07FF226C5990CB82 /* DigitSpanEngine.swift */,
				2754EBEFA66256261F8FCCB1 /* FlankerEngine.swift */,
				0B7E3748EC97B0BAE81B7271 /* GoNoGoEngine.swift */,
				A602DBD696F9E4699E9F7F5C /* LogicArgumentEngine.swift */,
				0C0AAE60E0BF59060012F254 /* NBackEngine.swift */,
				05D5D10F54CA1E71E6587C6E /* SchulteEngine.swift */,
				C9790DEE82B32AB43219616B /* StopSignalEngine.swift */,
				8DE512B5463169FD1263C033 /* SyllogismEngine.swift */,
				18100B9E2DDAA433D2CBE427 /* VisualSearchEngine.swift */,
			);
			path = Engines;
			sourceTree = "<group>";
		};
/* End PBXGroup section */

/* Begin PBXNativeTarget section */
		99186CD7DDA3306F919993E0 /* BrainDrillTests */ = {
			isa = PBXNativeTarget;
			buildConfigurationList = C0482ACB455876F5E1AEDF32 /* Build configuration list for PBXNativeTarget "BrainDrillTests" */;
			buildPhases = (
				04EF4FEF9FC8143E76797502 /* Sources */,
			);
			buildRules = (
			);
			dependencies = (
				AEA81BC17491BD72827604C5 /* PBXTargetDependency */,
			);
			name = BrainDrillTests;
			packageProductDependencies = (
			);
			productName = BrainDrillTests;
			productReference = C47D39E817097BEE51837940 /* BrainDrillTests.xctest */;
			productType = "com.apple.product-type.bundle.unit-test";
		};
		E049CCEC1E6B63769B56B6E9 /* BrainDrill */ = {
			isa = PBXNativeTarget;
			buildConfigurationList = 1C794B1A8F32EC0D8667F55C /* Build configuration list for PBXNativeTarget "BrainDrill" */;
			buildPhases = (
				8EF705B2AC37B0C6A8E52E62 /* Sources */,
				6E46040E086BD72F7FDE8DBD /* Resources */,
				26B2E2946D23342A2B2032A1 /* Frameworks */,
			);
			buildRules = (
			);
			dependencies = (
			);
			name = BrainDrill;
			packageProductDependencies = (
				A0D96A3E8EB04191701E357A /* OpenAI */,
			);
			productName = BrainDrill;
			productReference = 441CA910432DBE3FDB9F9F9D /* BrainDrill.app */;
			productType = "com.apple.product-type.application";
		};
/* End PBXNativeTarget section */

/* Begin PBXProject section */
		BCEB43CAC48A06BE18BA4443 /* Project object */ = {
			isa = PBXProject;
			attributes = {
				BuildIndependentTargetsInParallel = YES;
				LastUpgradeCheck = 1430;
				TargetAttributes = {
					E049CCEC1E6B63769B56B6E9 = {
						ProvisioningStyle = Automatic;
					};
				};
			};
			buildConfigurationList = 24DB2D70D2E0D98B6A028E8F /* Build configuration list for PBXProject "BrainDrill" */;
			developmentRegion = en;
			hasScannedForEncodings = 0;
			knownRegions = (
				Base,
				en,
			);
			mainGroup = 9B79F2C7E5DFD84177DE259E;
			minimizedProjectReferenceProxies = 1;
			packageReferences = (
				996981F2E44561AF2C15BCD8 /* XCRemoteSwiftPackageReference "OpenAI" */,
			);
			preferredProjectObjectVersion = 77;
			productRefGroup = 361931B2268201EAA31694E6 /* Products */;
			projectDirPath = "";
			projectRoot = "";
			targets = (
				E049CCEC1E6B63769B56B6E9 /* BrainDrill */,
				99186CD7DDA3306F919993E0 /* BrainDrillTests */,
			);
		};
/* End PBXProject section */

/* Begin PBXResourcesBuildPhase section */
		6E46040E086BD72F7FDE8DBD /* Resources */ = {
			isa = PBXResourcesBuildPhase;
			buildActionMask = 2147483647;
			files = (
				3C12E5B77DCEDDF2E3F516F3 /* AppIcon.icns in Resources */,
				CA75157614D0E4050C8B0033 /* Resources in Resources */,
			);
			runOnlyForDeploymentPostprocessing = 0;
		};
/* End PBXResourcesBuildPhase section */

/* Begin PBXSourcesBuildPhase section */
		04EF4FEF9FC8143E76797502 /* Sources */ = {
			isa = PBXSourcesBuildPhase;
			buildActionMask = 2147483647;
			files = (
				E44B2812F6B22976DB7CA1B1 /* AdaptiveDifficultyTests.swift in Sources */,
				2D7A5F4000292C25E4FE73F7 /* AppModelAdaptiveTests.swift in Sources */,
				640072F041206ADDC2DB5B9E /* AppModelFeedbackTests.swift in Sources */,
				1F82CC97E8A4DBB7E6F1A88A /* ChangeDetectionEngineTests.swift in Sources */,
				219B2713738D05CA3020D3A8 /* ChoiceRTEngineTests.swift in Sources */,
				EC832DED8E085F0167904334 /* CognitiveProfileTests.swift in Sources */,
				4D4B1A2B1B30396670CEF200 /* CorsiBlockEngineTests.swift in Sources */,
				E0B99EBF7175AFE0C776E05F /* DigitSpanEngineTests.swift in Sources */,
				EBED230A2E023DFB5D478C1D /* FatigueDetectorTests.swift in Sources */,
				12653B214489421A0661D672 /* FlankerEngineTests.swift in Sources */,
				2989A14C9DBC649B82B1FE24 /* GoNoGoEngineTests.swift in Sources */,
				FE91AF85136E89DDA6C20E12 /* LocalTrainingStoreTests.swift in Sources */,
				CC954169847195A72CAF8AE2 /* MaterialsPipelineTests.swift in Sources */,
				D54FFC9D67261E2F1A43382C /* MetricsCalculatorTests.swift in Sources */,
				06D3EA191C8D1166704FD988 /* ModuleFlowIntegrationTests.swift in Sources */,
				62AD9EFBF19F7A235D21FF6D /* NBackCoordinatorTests.swift in Sources */,
				8E4AA83E16C5CA29134A73D3 /* NBackEngineTests.swift in Sources */,
				02F55D2997B1FFE261CCF15E /* PerformanceAnalyticsTests.swift in Sources */,
				6CA814C0F7FA76D9F33D8A27 /* PracticeTrialTests.swift in Sources */,
				4CD9931B258302AA67AA7F42 /* ReadingDifficultyPlannerTests.swift in Sources */,
				15564EF4C9AE5ADEF070434F /* ReadingPassageLibraryTests.swift in Sources */,
				2CC19BBACEB573F8718A67A6 /* SchulteEngineTests.swift in Sources */,
				41D221092945F22C3CBF6896 /* StopSignalEngineTests.swift in Sources */,
				F279146CF0BABDEF7E1D64FF /* TrainingSchedulerTests.swift in Sources */,
				25E6F0190F4C9BD8FDF89D1D /* TrainingStatisticsTests.swift in Sources */,
				D5E8EBCA711912CC4D910AFC /* TrialExporterTests.swift in Sources */,
				A7960C1284E21E37C1FB3E0B /* VisualSearchEngineTests.swift in Sources */,
				F1A7B5C4D9E24310A8B6C7D1 /* WorkbenchNavigationTests.swift in Sources */,
			);
			runOnlyForDeploymentPostprocessing = 0;
		};
		8EF705B2AC37B0C6A8E52E62 /* Sources */ = {
			isa = PBXSourcesBuildPhase;
			buildActionMask = 2147483647;
			files = (
				D58E09FED4A494CD426B796F /* AIClient.swift in Sources */,
				712287BC59BA189E9ADCF72D /* AchievementModel.swift in Sources */,
				25774ABDFC5C475D68EAB40C /* AdaptiveDifficulty.swift in Sources */,
				1A684E3B0536A6B1F0EC79B6 /* AdaptiveProfileModels.swift in Sources */,
				6AFFEB7F9E7CFECBC0424244 /* AdaptiveScoring.swift in Sources */,
				6A0112750C2A7CF022989049 /* AnomalyDetector.swift in Sources */,
				E76AEC262423F0BC8EA41750 /* AppModel.swift in Sources */,
				095BC080679B1900F0B2A656 /* AppRoute.swift in Sources */,
				A0F0A5A6766651551AEE34BE /* AttentionLapseDetector.swift in Sources */,
				9123B1D720B6A2943CFCF205 /* BrainDrillApp.swift in Sources */,
				66DC2CB50451CE862E47F4DA /* ChangeDetectionCoordinator.swift in Sources */,
				8626FCB7C6C3ABF28A9126A9 /* ChangeDetectionEngine.swift in Sources */,
				214DC038AE8AFD1E02167F30 /* ChangeDetectionModels.swift in Sources */,
				357C9393C554229B5EEB3881 /* ChangeDetectionTrainingView.swift in Sources */,
				9FE9EE506B64EDB208AA9215 /* ChoiceRTCoordinator.swift in Sources */,
				24375E4D113C2098519B185E /* ChoiceRTEngine.swift in Sources */,
				BE9F545DBC67E5C99EBD0D44 /* ChoiceRTModels.swift in Sources */,
				7265B28A0BAAA5AE49FDCAE0 /* ChoiceRTTrainingView.swift in Sources */,
				D07245E6560BED7839E91689 /* CognitiveProfile.swift in Sources */,
				4D1E4B268672CCE8844E9FC2 /* CorsiBlockCoordinator.swift in Sources */,
				98FF3A72401DFD15E1B3A236 /* CorsiBlockEngine.swift in Sources */,
				810622CCB4CE7502DA2B7A2C /* CorsiBlockModels.swift in Sources */,
				013300AC50ABCA61346B8D95 /* CorsiBlockTrainingView.swift in Sources */,
				9890F93E18AEA99F6AD729B4 /* DailyPlanView.swift in Sources */,
				B1A7EB01F21691B7403EE5D1 /* DelayedRecallTrainingView.swift in Sources */,
				30AA4DC51BB5C7B62CF7B56A /* DigitSpanCoordinator.swift in Sources */,
				DDEC1C1D5CF43AA65BF773F6 /* DigitSpanEngine.swift in Sources */,
				05AA19B326C83526EF5EFC3F /* DigitSpanModels.swift in Sources */,
				03331846248F277FF95EA51F /* DigitSpanTrainingView.swift in Sources */,
				B467EB827EE5F9B3AA4AD9BD /* EvidenceMapTrainingView.swift in Sources */,
				A8B21F6B81CA802C402E7537 /* FatigueDetector.swift in Sources */,
				7C02F56B9EEF32881C9B60BF /* FlankerCoordinator.swift in Sources */,
				EFEB595FDBA568EF3E79DE82 /* FlankerEngine.swift in Sources */,
				3A8BD79DE1BF80AA1C7F2D9A /* FlankerModels.swift in Sources */,
				56A660DDD2AB5590B1EEABF2 /* FlankerTrainingView.swift in Sources */,
				7A2BA87647D66D855B7F4E2E /* Formatters.swift in Sources */,
				4E2D9F74A644E42D3709EAA7 /* GoNoGoCoordinator.swift in Sources */,
				19F2CFB6E6A1285AADFE4768 /* GoNoGoEngine.swift in Sources */,
				F00993417771C1D36D95DF94 /* GoNoGoModels.swift in Sources */,
				C59D73A9AF6EDCF4E3D99AC2 /* GoNoGoTrainingView.swift in Sources */,
				EE35195AC5874230710767F8 /* HistoryView.swift in Sources */,
				9147FE1D47BB966459BA4FEC /* KeychainHelper.swift in Sources */,
				0FCF0460D075DF6AF066C532 /* KeywordSynonyms.swift in Sources */,
				30A750CA4A80C577A3E05F9A /* LogicArgumentCleaner.swift in Sources */,
				BBB6F6B5671D1344A105D326 /* LogicArgumentCoordinator.swift in Sources */,
				8BB695DB28B495EAD74FEE33 /* LogicArgumentEngine.swift in Sources */,
				70B47D4286BB4B94E4B6272E /* LogicArgumentModels.swift in Sources */,
				88ACD80C169AF75FEFB686F6 /* LogicArgumentTrainingView.swift in Sources */,
				E23795DBDFCAFA7D21182F24 /* MainIdeaTrainingView.swift in Sources */,
				E53A3EDA9D5E897EE0216DCB /* Materials.swift in Sources */,
				E5F772C3DB58A8FCF9DF1F6D /* MaterialsPipeline.swift in Sources */,
				F220FFAB196C2E15D72A4D6D /* MaterialsWorkbenchView.swift in Sources */,
				CFB1C32DEB87E9945E60E9F1 /* MetricsCalculator.swift in Sources */,
				F9A08D7DE9DD1D8342D5DC7E /* NBackCoordinator.swift in Sources */,
				47F0DB04DFEB1E83D82959F6 /* NBackEngine.swift in Sources */,
				99359D84FEAACBBE95C226C1 /* NBackModels.swift in Sources */,
				2D31589EB1805F54EAC4A439 /* NBackTrainingView.swift in Sources */,
				66CF6CD5AE1789BE67D43EA1 /* PracticeTrialManager.swift in Sources */,
				32E3679754A4211B44787F00 /* PresentationProfile.swift in Sources */,
				D435633E0CDAAD912B55269F /* ReadingContent.swift in Sources */,
				EBBA67AD11D4A65E1D99BF86 /* ReadingSupportViews.swift in Sources */,
				BE5A36BC52378B792A8C4475 /* RootView.swift in Sources */,
				3786432FE03D2CD472370B8C /* SchulteCoordinator.swift in Sources */,
				144A8E2C30A4FCD36FC82869 /* SchulteEngine.swift in Sources */,
				38DE779BBE40B4ECF126EF27 /* SchulteModels.swift in Sources */,
				24B2BDBAF705F5A71FAFC32B /* SchulteTrainingView.swift in Sources */,
				4349236E1D26A9F04C14627B /* SessionResult.swift in Sources */,
				6C793160C66F0C1CA3C617D6 /* SessionTimeline.swift in Sources */,
				13EDC3ECBAED51E457E302C7 /* SettingsView.swift in Sources */,
				61478B3797EDCE4E89062F30 /* SpeedAccuracyAnalyzer.swift in Sources */,
				80C1F688F947B10D7BD3179E /* StopSignalCoordinator.swift in Sources */,
				B0F454FB9BDAF27616D463D6 /* StopSignalEngine.swift in Sources */,
				5756E7E1E63C3CC68A0FF7F2 /* StopSignalModels.swift in Sources */,
				98CB3AD758C06575484C74FB /* StopSignalTrainingView.swift in Sources */,
				7D0D41A89534A32EA0CA8D5C /* StreakTracker.swift in Sources */,
				2ADCD82D6FEA2410EEAFEDC5 /* SurfaceComponents.swift in Sources */,
				D1A14204CD46220D9040441E /* SyllogismCoordinator.swift in Sources */,
				C690811D91180E3DD1061B63 /* SyllogismEngine.swift in Sources */,
				581D93552409668E8E736CB8 /* SyllogismModels.swift in Sources */,
				9E629F1B8A85B13EA27AFC25 /* SyllogismTrainingView.swift in Sources */,
				AA0000000000000000000001 /* SyllogismLesson.swift in Sources */,
				AA0000000000000000000002 /* SyllogismLearningView.swift in Sources */,
				AA0000000000000000000003 /* SyllogismPracticeView.swift in Sources */,
				9A61413F5AC2A7E32D09E43A /* Theme.swift in Sources */,
				831E6BB5075D4F6EDA665761 /* TimeOfDayAnalyzer.swift in Sources */,
				5056413F8B0FB28BB5379AF1 /* TrainingModule.swift in Sources */,
				FB1B2C3EA4B04B8CEC821217 /* TrainingScheduler.swift in Sources */,
				BAA283AEEFA1DEA954850F58 /* TrainingSettings.swift in Sources */,
				C964CB799FE680E5A1D9AE2D /* TrainingStatistics.swift in Sources */,
				89A76F649B67E9C26D382466 /* TrainingStore.swift in Sources */,
				67700076DD000BC045FE2109 /* TrialExporter.swift in Sources */,
				BF1075BCD94DF0B28E81A267 /* VisualSearchCoordinator.swift in Sources */,
				2F974D89728E5C6B8FBEA88A /* VisualSearchEngine.swift in Sources */,
				F8C112E0A30A78480F320E58 /* VisualSearchModels.swift in Sources */,
				B27FC020254C15881A7C59FB /* VisualSearchTrainingView.swift in Sources */,
				614F2F73F1B448AAA964F68A /* WarmupDetector.swift in Sources */,
				EBCE5EE7BC2CE7E977F3C977 /* WindowedAdaptiveEvaluator.swift in Sources */,
			);
			runOnlyForDeploymentPostprocessing = 0;
		};
/* End PBXSourcesBuildPhase section */

/* Begin PBXTargetDependency section */
		AEA81BC17491BD72827604C5 /* PBXTargetDependency */ = {
			isa = PBXTargetDependency;
			target = E049CCEC1E6B63769B56B6E9 /* BrainDrill */;
			targetProxy = 7768FB76BA16AA2222D02EF9 /* PBXContainerItemProxy */;
		};
/* End PBXTargetDependency section */

/* Begin XCBuildConfiguration section */
		058820FBAA6AF76BBEEDCF43 /* Debug */ = {
			isa = XCBuildConfiguration;
			buildSettings = {
				BUNDLE_LOADER = "$(TEST_HOST)";
				COMBINE_HIDPI_IMAGES = YES;
				GENERATE_INFOPLIST_FILE = YES;
				LD_RUNPATH_SEARCH_PATHS = (
					"$(inherited)",
					"@executable_path/../Frameworks",
					"@loader_path/../Frameworks",
				);
				MACOSX_DEPLOYMENT_TARGET = 26.0;
				PRODUCT_BUNDLE_IDENTIFIER = com.yifancao.BrainDrillTests;
				SDKROOT = macosx;
				TEST_HOST = "$(BUILT_PRODUCTS_DIR)/BrainDrill.app/Contents/MacOS/BrainDrill";
			};
			name = Debug;
		};
		373FD2705694DE9E3604753C /* Release */ = {
			isa = XCBuildConfiguration;
			buildSettings = {
				ALWAYS_SEARCH_USER_PATHS = NO;
				CLANG_ANALYZER_NONNULL = YES;
				CLANG_ANALYZER_NUMBER_OBJECT_CONVERSION = YES_AGGRESSIVE;
				CLANG_CXX_LANGUAGE_STANDARD = "gnu++14";
				CLANG_CXX_LIBRARY = "libc++";
				CLANG_ENABLE_MODULES = YES;
				CLANG_ENABLE_OBJC_ARC = YES;
				CLANG_ENABLE_OBJC_WEAK = YES;
				CLANG_WARN_BLOCK_CAPTURE_AUTORELEASING = YES;
				CLANG_WARN_BOOL_CONVERSION = YES;
				CLANG_WARN_COMMA = YES;
				CLANG_WARN_CONSTANT_CONVERSION = YES;
				CLANG_WARN_DEPRECATED_OBJC_IMPLEMENTATIONS = YES;
				CLANG_WARN_DIRECT_OBJC_ISA_USAGE = YES_ERROR;
				CLANG_WARN_DOCUMENTATION_COMMENTS = YES;
				CLANG_WARN_EMPTY_BODY = YES;
				CLANG_WARN_ENUM_CONVERSION = YES;
				CLANG_WARN_INFINITE_RECURSION = YES;
				CLANG_WARN_INT_CONVERSION = YES;
				CLANG_WARN_NON_LITERAL_NULL_CONVERSION = YES;
				CLANG_WARN_OBJC_IMPLICIT_RETAIN_SELF = YES;
				CLANG_WARN_OBJC_LITERAL_CONVERSION = YES;
				CLANG_WARN_OBJC_ROOT_CLASS = YES_ERROR;
				CLANG_WARN_QUOTED_INCLUDE_IN_FRAMEWORK_HEADER = YES;
				CLANG_WARN_RANGE_LOOP_ANALYSIS = YES;
				CLANG_WARN_STRICT_PROTOTYPES = YES;
				CLANG_WARN_SUSPICIOUS_MOVE = YES;
				CLANG_WARN_UNGUARDED_AVAILABILITY = YES_AGGRESSIVE;
				CLANG_WARN_UNREACHABLE_CODE = YES;
				CLANG_WARN__DUPLICATE_METHOD_MATCH = YES;
				COPY_PHASE_STRIP = NO;
				CURRENT_PROJECT_VERSION = 1;
				DEBUG_INFORMATION_FORMAT = "dwarf-with-dsym";
				ENABLE_NS_ASSERTIONS = NO;
				ENABLE_STRICT_OBJC_MSGSEND = YES;
				GCC_C_LANGUAGE_STANDARD = gnu11;
				GCC_NO_COMMON_BLOCKS = YES;
				GCC_WARN_64_TO_32_BIT_CONVERSION = YES;
				GCC_WARN_ABOUT_RETURN_TYPE = YES_ERROR;
				GCC_WARN_UNDECLARED_SELECTOR = YES;
				GCC_WARN_UNINITIALIZED_AUTOS = YES_AGGRESSIVE;
				GCC_WARN_UNUSED_FUNCTION = YES;
				GCC_WARN_UNUSED_VARIABLE = YES;
				MACOSX_DEPLOYMENT_TARGET = 26.0;
				MARKETING_VERSION = 0.1.0;
				MTL_ENABLE_DEBUG_INFO = NO;
				MTL_FAST_MATH = YES;
				PRODUCT_NAME = "$(TARGET_NAME)";
				SDKROOT = macosx;
				SWIFT_COMPILATION_MODE = wholemodule;
				SWIFT_OPTIMIZATION_LEVEL = "-O";
				SWIFT_VERSION = 6.0;
			};
			name = Release;
		};
		7B1D2AB82FB377111367C16A /* Release */ = {
			isa = XCBuildConfiguration;
			buildSettings = {
				ASSETCATALOG_COMPILER_APPICON_NAME = AppIcon;
				CODE_SIGN_STYLE = Automatic;
				COMBINE_HIDPI_IMAGES = YES;
				GENERATE_INFOPLIST_FILE = YES;
				INFOPLIST_KEY_CFBundleDisplayName = BrainDrill;
				INFOPLIST_KEY_CFBundleIconFile = AppIcon;
				INFOPLIST_KEY_LSApplicationCategoryType = "public.app-category.education";
				INFOPLIST_KEY_NSAppTransportSecurity_NSAllowsArbitraryLoads = YES;
				INFOPLIST_KEY_NSPrincipalClass = NSApplication;
				LD_RUNPATH_SEARCH_PATHS = (
					"$(inherited)",
					"@executable_path/../Frameworks",
				);
				MACOSX_DEPLOYMENT_TARGET = 26.0;
				PRODUCT_BUNDLE_IDENTIFIER = com.yifancao.BrainDrill;
				PRODUCT_NAME = BrainDrill;
				SDKROOT = macosx;
			};
			name = Release;
		};
		98F80607CD45281399C834F8 /* Release */ = {
			isa = XCBuildConfiguration;
			buildSettings = {
				BUNDLE_LOADER = "$(TEST_HOST)";
				COMBINE_HIDPI_IMAGES = YES;
				GENERATE_INFOPLIST_FILE = YES;
				LD_RUNPATH_SEARCH_PATHS = (
					"$(inherited)",
					"@executable_path/../Frameworks",
					"@loader_path/../Frameworks",
				);
				MACOSX_DEPLOYMENT_TARGET = 26.0;
				PRODUCT_BUNDLE_IDENTIFIER = com.yifancao.BrainDrillTests;
				SDKROOT = macosx;
				TEST_HOST = "$(BUILT_PRODUCTS_DIR)/BrainDrill.app/Contents/MacOS/BrainDrill";
			};
			name = Release;
		};
		AC35B58CD32E79FE0A078B34 /* Debug */ = {
			isa = XCBuildConfiguration;
			buildSettings = {
				ASSETCATALOG_COMPILER_APPICON_NAME = AppIcon;
				CODE_SIGN_STYLE = Automatic;
				COMBINE_HIDPI_IMAGES = YES;
				GENERATE_INFOPLIST_FILE = YES;
				INFOPLIST_KEY_CFBundleDisplayName = BrainDrill;
				INFOPLIST_KEY_CFBundleIconFile = AppIcon;
				INFOPLIST_KEY_LSApplicationCategoryType = "public.app-category.education";
				INFOPLIST_KEY_NSAppTransportSecurity_NSAllowsArbitraryLoads = YES;
				INFOPLIST_KEY_NSPrincipalClass = NSApplication;
				LD_RUNPATH_SEARCH_PATHS = (
					"$(inherited)",
					"@executable_path/../Frameworks",
				);
				MACOSX_DEPLOYMENT_TARGET = 26.0;
				PRODUCT_BUNDLE_IDENTIFIER = com.yifancao.BrainDrill;
				PRODUCT_NAME = BrainDrill;
				SDKROOT = macosx;
			};
			name = Debug;
		};
		EDD1C609C754E61A6E34E17D /* Debug */ = {
			isa = XCBuildConfiguration;
			buildSettings = {
				ALWAYS_SEARCH_USER_PATHS = NO;
				CLANG_ANALYZER_NONNULL = YES;
				CLANG_ANALYZER_NUMBER_OBJECT_CONVERSION = YES_AGGRESSIVE;
				CLANG_CXX_LANGUAGE_STANDARD = "gnu++14";
				CLANG_CXX_LIBRARY = "libc++";
				CLANG_ENABLE_MODULES = YES;
				CLANG_ENABLE_OBJC_ARC = YES;
				CLANG_ENABLE_OBJC_WEAK = YES;
				CLANG_WARN_BLOCK_CAPTURE_AUTORELEASING = YES;
				CLANG_WARN_BOOL_CONVERSION = YES;
				CLANG_WARN_COMMA = YES;
				CLANG_WARN_CONSTANT_CONVERSION = YES;
				CLANG_WARN_DEPRECATED_OBJC_IMPLEMENTATIONS = YES;
				CLANG_WARN_DIRECT_OBJC_ISA_USAGE = YES_ERROR;
				CLANG_WARN_DOCUMENTATION_COMMENTS = YES;
				CLANG_WARN_EMPTY_BODY = YES;
				CLANG_WARN_ENUM_CONVERSION = YES;
				CLANG_WARN_INFINITE_RECURSION = YES;
				CLANG_WARN_INT_CONVERSION = YES;
				CLANG_WARN_NON_LITERAL_NULL_CONVERSION = YES;
				CLANG_WARN_OBJC_IMPLICIT_RETAIN_SELF = YES;
				CLANG_WARN_OBJC_LITERAL_CONVERSION = YES;
				CLANG_WARN_OBJC_ROOT_CLASS = YES_ERROR;
				CLANG_WARN_QUOTED_INCLUDE_IN_FRAMEWORK_HEADER = YES;
				CLANG_WARN_RANGE_LOOP_ANALYSIS = YES;
				CLANG_WARN_STRICT_PROTOTYPES = YES;
				CLANG_WARN_SUSPICIOUS_MOVE = YES;
				CLANG_WARN_UNGUARDED_AVAILABILITY = YES_AGGRESSIVE;
				CLANG_WARN_UNREACHABLE_CODE = YES;
				CLANG_WARN__DUPLICATE_METHOD_MATCH = YES;
				COPY_PHASE_STRIP = NO;
				CURRENT_PROJECT_VERSION = 1;
				DEBUG_INFORMATION_FORMAT = dwarf;
				ENABLE_STRICT_OBJC_MSGSEND = YES;
				ENABLE_TESTABILITY = YES;
				GCC_C_LANGUAGE_STANDARD = gnu11;
				GCC_DYNAMIC_NO_PIC = NO;
				GCC_NO_COMMON_BLOCKS = YES;
				GCC_OPTIMIZATION_LEVEL = 0;
				GCC_PREPROCESSOR_DEFINITIONS = (
					"$(inherited)",
					"DEBUG=1",
				);
				GCC_WARN_64_TO_32_BIT_CONVERSION = YES;
				GCC_WARN_ABOUT_RETURN_TYPE = YES_ERROR;
				GCC_WARN_UNDECLARED_SELECTOR = YES;
				GCC_WARN_UNINITIALIZED_AUTOS = YES_AGGRESSIVE;
				GCC_WARN_UNUSED_FUNCTION = YES;
				GCC_WARN_UNUSED_VARIABLE = YES;
				MACOSX_DEPLOYMENT_TARGET = 26.0;
				MARKETING_VERSION = 0.1.0;
				MTL_ENABLE_DEBUG_INFO = INCLUDE_SOURCE;
				MTL_FAST_MATH = YES;
				ONLY_ACTIVE_ARCH = YES;
				PRODUCT_NAME = "$(TARGET_NAME)";
				SDKROOT = macosx;
				SWIFT_ACTIVE_COMPILATION_CONDITIONS = DEBUG;
				SWIFT_OPTIMIZATION_LEVEL = "-Onone";
				SWIFT_VERSION = 6.0;
			};
			name = Debug;
		};
/* End XCBuildConfiguration section */

/* Begin XCConfigurationList section */
		1C794B1A8F32EC0D8667F55C /* Build configuration list for PBXNativeTarget "BrainDrill" */ = {
			isa = XCConfigurationList;
			buildConfigurations = (
				AC35B58CD32E79FE0A078B34 /* Debug */,
				7B1D2AB82FB377111367C16A /* Release */,
			);
			defaultConfigurationIsVisible = 0;
			defaultConfigurationName = Debug;
		};
		24DB2D70D2E0D98B6A028E8F /* Build configuration list for PBXProject "BrainDrill" */ = {
			isa = XCConfigurationList;
			buildConfigurations = (
				EDD1C609C754E61A6E34E17D /* Debug */,
				373FD2705694DE9E3604753C /* Release */,
			);
			defaultConfigurationIsVisible = 0;
			defaultConfigurationName = Debug;
		};
		C0482ACB455876F5E1AEDF32 /* Build configuration list for PBXNativeTarget "BrainDrillTests" */ = {
			isa = XCConfigurationList;
			buildConfigurations = (
				058820FBAA6AF76BBEEDCF43 /* Debug */,
				98F80607CD45281399C834F8 /* Release */,
			);
			defaultConfigurationIsVisible = 0;
			defaultConfigurationName = Debug;
		};
/* End XCConfigurationList section */

/* Begin XCRemoteSwiftPackageReference section */
		996981F2E44561AF2C15BCD8 /* XCRemoteSwiftPackageReference "OpenAI" */ = {
			isa = XCRemoteSwiftPackageReference;
			repositoryURL = "https://github.com/MacPaw/OpenAI.git";
			requirement = {
				kind = upToNextMajorVersion;
				minimumVersion = 0.3.0;
			};
		};
/* End XCRemoteSwiftPackageReference section */

/* Begin XCSwiftPackageProductDependency section */
		A0D96A3E8EB04191701E357A /* OpenAI */ = {
			isa = XCSwiftPackageProductDependency;
			package = 996981F2E44561AF2C15BCD8 /* XCRemoteSwiftPackageReference "OpenAI" */;
			productName = OpenAI;
		};
/* End XCSwiftPackageProductDependency section */
	};
	rootObject = BCEB43CAC48A06BE18BA4443 /* Project object */;
}
